<?xml version="1.0" encoding="utf-8"?>
<Project ToolsVersion="4.0" xmlns="http://schemas.microsoft.com/developer/msbuild/2003">
  <ItemGroup>
    <Filter Include="Source Files">
      <UniqueIdentifier>{4FC737F1-C7A5-4376-A066-2A32D752A2FF}</UniqueIdentifier>
      <Extensions>cpp;c;cxx;def;odl;idl;hpj;bat;asm;asmx</Extensions>
    </Filter>
    <Filter Include="Header Files">
      <UniqueIdentifier>{93995380-89BD-4b04-88EB-625FBE52EBFB}</UniqueIdentifier>
      <Extensions>h;hpp;hxx;hm;inl;inc;xsd</Extensions>
    </Filter>
  </ItemGroup>
  <ItemGroup>
    <ClCompile Include="ixmlfunction.cpp">
      <Filter>Source Files</Filter>
    </ClCompile>
    <ClCompile Include="ixmlhandler.cpp">
      <Filter>Source Files</Filter>
    </ClCompile>
    <ClCompile Include="ixmlresolver.cpp">
      <Filter>Source Files</Filter>
    </ClCompile>
    <ClCompile Include="ixmlserializable.cpp">
      <Filter>Source Files</Filter>
    </ClCompile>
    <ClCompile Include="stdafx.cpp">
      <Filter>Source Files</Filter>
    </ClCompile>
    <ClCompile Include="xml.cpp">
      <Filter>Source Files</Filter>
    </ClCompile>
    <ClCompile Include="xmlattribute.cpp">
      <Filter>Source Files</Filter>
    </ClCompile>
    <ClCompile Include="xmlattributes.cpp">
      <Filter>Source Files</Filter>
    </ClCompile>
    <ClCompile Include="xmldetails.cpp">
      <Filter>Source Files</Filter>
    </ClCompile>
    <ClCompile Include="xmldocument.cpp">
      <Filter>Source Files</Filter>
    </ClCompile>
    <ClCompile Include="xmlmanager.cpp">
      <Filter>Source Files</Filter>
    </ClCompile>
    <ClCompile Include="xmlnode.cpp">
      <Filter>Source Files</Filter>
    </ClCompile>
    <ClCompile Include="xmlnodes.cpp">
      <Filter>Source Files</Filter>
    </ClCompile>
    <ClCompile Include="xmlschema.cpp">
      <Filter>Source Files</Filter>
    </ClCompile>
    <ClCompile Include="xmlstylesheet.cpp">
      <Filter>Source Files</Filter>
    </ClCompile>
    <ClCompile Include="xmlwriter.cpp">
      <Filter>Source Files</Filter>
    </ClCompile>
  </ItemGroup>
  <ItemGroup>
    <ClInclude Include="ixmlfunction.h">
      <Filter>Header Files</Filter>
    </ClInclude>
    <ClInclude Include="ixmlhandler.h">
      <Filter>Header Files</Filter>
    </ClInclude>
    <ClInclude Include="ixmlresolver.h">
      <Filter>Header Files</Filter>
    </ClInclude>
    <ClInclude Include="ixmlserializable.h">
      <Filter>Header Files</Filter>
    </ClInclude>
    <ClInclude Include="stdafx.h">
      <Filter>Header Files</Filter>
    </ClInclude>
    <ClInclude Include="xmlattribute.h">
      <Filter>Header Files</Filter>
    </ClInclude>
    <ClInclude Include="xmlattributes.h">
      <Filter>Header Files</Filter>
    </ClInclude>
    <ClInclude Include="xmlconfig.h">
      <Filter>Header Files</Filter>
    </ClInclude>
    <ClInclude Include="xmldetails.h">
      <Filter>Header Files</Filter>
    </ClInclude>
    <ClInclude Include="xmldocument.h">
      <Filter>Header Files</Filter>
    </ClInclude>
    <ClInclude Include="xmlmanager.h">
      <Filter>Header Files</Filter>
    </ClInclude>
    <ClInclude Include="xmlnode.h">
      <Filter>Header Files</Filter>
    </ClInclude>
    <ClInclude Include="xmlnodes.h">
      <Filter>Header Files</Filter>
    </ClInclude>
    <ClInclude Include="xmlschema.h">
      <Filter>Header Files</Filter>
    </ClInclude>
    <ClInclude Include="xmlstandards.h">
      <Filter>Header Files</Filter>
    </ClInclude>
    <ClInclude Include="xmlstylesheet.h">
      <Filter>Header Files</Filter>
    </ClInclude>
    <ClInclude Include="xmlwriter.h">
      <Filter>Header Files</Filter>
    </ClInclude>
  </ItemGroup>
</Project>