
Microsoft Visual Studio Solution File, Format Version 11.00
# Visual Studio 2010
Project("{888888A0-9F3D-457C-B088-3A5042F75D52}") = "bindings_generator", "bindings_generator.pyproj", "{E5D5D72F-2A6A-44CA-82F0-A2F7F645441F}"
EndProject
Global
	GlobalSection(SolutionConfigurationPlatforms) = preSolution
		Debug|Any CPU = Debug|Any CPU
		Release|Any CPU = Release|Any CPU
	EndGlobalSection
	GlobalSection(ProjectConfigurationPlatforms) = postSolution
		{E5D5D72F-2A6A-44CA-82F0-A2F7F645441F}.Debug|Any CPU.ActiveCfg = Debug|Any CPU
		{E5D5D72F-2A6A-44CA-82F0-A2F7F645441F}.Debug|Any CPU.Build.0 = Debug|Any CPU
		{E5D5D72F-2A6A-44CA-82F0-A2F7F645441F}.Release|Any CPU.ActiveCfg = Release|Any CPU
		{E5D5D72F-2A6A-44CA-82F0-A2F7F645441F}.Release|Any CPU.Build.0 = Release|Any CPU
	EndGlobalSection
	GlobalSection(SolutionProperties) = preSolution
		HideSolutionNode = FALSE
	EndGlobalSection
EndGlobal
