<?xml version="1.0" encoding="UTF-8" standalone="yes" ?>
<CodeBlocks_project_file>
	<FileVersion major="1" minor="6" />
	<Project>
		<Option title="Python" />
		<Option pch_mode="2" />
		<Option compiler="gcc" />
		<Build>
			<Target title="debug linux-i386">
				<Option platforms="Unix;" />
				<Option output="../../../bin/linux/i386/gcc/debug/python" prefix_auto="1" extension_auto="1" />
				<Option object_output="../../../obj/linux/i386/gcc/plugins/python/debug" />
				<Option type="3" />
				<Option compiler="gcc" />
				<Option createDefFile="1" />
				<Option createStaticLib="1" />
				<Compiler>
					<Add option="-g" />
					<Add option="-W" />
					<Add option="-D_DEBUG" />
					<Add option="-DUNICODE" />
					<Add directory="./" />
					<Add directory="../../../dependencies/include" />
					<Add directory="../../../dependencies/include/linux-i386" />
					<Add directory="../../../dependencies/include/linux-i386/python" />
					<Add directory="../../core" />
					<Add directory="../../xml" />
					<Add directory="../../web" />
					<Add directory="../../lang" />
					<Add directory="../../net" />
					<Add directory="../../engine" />
					<Add directory="../../db" />
					<Add directory="./wrappers" />
					<Add directory="../../http" />
					<Add directory="../../archives" />
				</Compiler>
				<ResourceCompiler>
					<Add directory="../../../dependencies/include" />
					<Add directory="../../core" />
					<Add directory="../../xml" />
					<Add directory="../../web" />
					<Add directory="../../lang" />
					<Add directory="../../net" />
					<Add directory="../../engine" />
				</ResourceCompiler>
				<Linker>
					<Add option="-Wl,-z,defs,-rpath=./" />
					<Add option="-static-libstdc++" />
					<Add option="-static-libgcc" />
					<Add library="libboost_python-gcc48-mt-d-1_54" />
					<Add library="libpython2.6" />
					<Add library="libboost_system-gcc48-mt-d-1_54" />
					<Add library="libcore" />
					<Add library="libhttp" />
					<Add library="libpthread" />
					<Add library="libengine" />
					<Add library="libweb" />
					<Add library="libxml" />
					<Add library="libssl" />
					<Add library="libcrypto" />
					<Add library="libdb" />
					<Add library="libnet" />
					<Add library="liblang" />
					<Add library="libz" />
					<Add library="libdl" />
					<Add library="libutil" />
					<Add directory="../../../dependencies/lib/linux/i386/gcc/debug" />
					<Add directory="../../../bin/linux/i386/gcc/debug" />
				</Linker>
			</Target>
			<Target title="release linux-i386">
				<Option platforms="Unix;" />
				<Option output="../../../bin/linux/i386/gcc/release/python" prefix_auto="1" extension_auto="1" />
				<Option object_output="../../../obj/linux/i386/gcc/plugins/python/release" />
				<Option type="3" />
				<Option compiler="gcc" />
				<Option createDefFile="1" />
				<Option createStaticLib="1" />
				<Compiler>
					<Add option="-O2" />
					<Add option="-W" />
					<Add option="-DNDEBUG" />
					<Add option="-DUNICODE" />
					<Add directory="./" />
					<Add directory="../../../dependencies/include" />
					<Add directory="../../../dependencies/include/linux-i386" />
					<Add directory="../../../dependencies/include/linux-i386/python" />
					<Add directory="../../core" />
					<Add directory="../../xml" />
					<Add directory="../../web" />
					<Add directory="../../lang" />
					<Add directory="../../net" />
					<Add directory="../../engine" />
					<Add directory="../../db" />
					<Add directory="./wrappers" />
					<Add directory="../../http" />
					<Add directory="../../archives" />
				</Compiler>
				<ResourceCompiler>
					<Add directory="../../../dependencies/include" />
					<Add directory="../../core" />
					<Add directory="../../xml" />
					<Add directory="../../web" />
					<Add directory="../../lang" />
					<Add directory="../../net" />
					<Add directory="../../engine" />
				</ResourceCompiler>
				<Linker>
					<Add option="-s" />
					<Add option="-Wl,-z,defs,-rpath=./" />
					<Add option="-static-libstdc++" />
					<Add option="-static-libgcc" />
					<Add library="libboost_python-gcc48-mt-1_54" />
					<Add library="libpython2.6" />
					<Add library="libboost_system-gcc48-mt-1_54" />
					<Add library="libcore" />
					<Add library="libhttp" />
					<Add library="libpthread" />
					<Add library="libengine" />
					<Add library="libweb" />
					<Add library="libxml" />
					<Add library="libssl" />
					<Add library="libcrypto" />
					<Add library="libdb" />
					<Add library="libnet" />
					<Add library="liblang" />
					<Add library="libdl" />
					<Add library="libutil" />
					<Add library="libz" />
					<Add directory="../../../dependencies/lib/linux/i386/gcc/release" />
					<Add directory="../../../bin/linux/i386/gcc/release" />
				</Linker>
			</Target>
			<Target title="debug mac-x86_64">
				<Option platforms="Mac;" />
				<Option output="../../../bin/macosx/x86_64/gcc/debug/Osiris.app/Contents/MacOS/python" prefix_auto="1" extension_auto="1" />
				<Option object_output="../../../obj/macosx/x86_64/gcc/plugins/python/debug" />
				<Option type="3" />
				<Option compiler="gcc" />
				<Option createDefFile="1" />
				<Option createStaticLib="1" />
				<Compiler>
					<Add option="-g" />
					<Add option="-W" />
					<Add option="-D_DEBUG" />
					<Add option="-DUNICODE" />
					<Add option="-DDEBUG=1" />
					<Add directory="./" />
					<Add directory="../../../dependencies/include" />
					<Add directory="../../../dependencies/include/mac-x86_64" />
					<Add directory="../../../dependencies/include/mac-x86_64/python" />
					<Add directory="../../core" />
					<Add directory="../../xml" />
					<Add directory="../../web" />
					<Add directory="../../lang" />
					<Add directory="../../net" />
					<Add directory="../../engine" />
					<Add directory="../../db" />
					<Add directory="./wrappers" />
					<Add directory="../../http" />
					<Add directory="../../archives" />
				</Compiler>
				<ResourceCompiler>
					<Add directory="../../../dependencies/include" />
					<Add directory="../../core" />
					<Add directory="../../xml" />
					<Add directory="../../web" />
					<Add directory="../../lang" />
					<Add directory="../../net" />
					<Add directory="../../engine" />
				</ResourceCompiler>
				<Linker>
					<Add option="-dynamiclib" />
					<Add library="core" />
					<Add library="engine" />
					<Add library="libcore" />
					<Add library="libengine" />
					<Add library="liblang" />
					<Add library="libxml" />
					<Add library="libnet" />
					<Add library="libweb" />
					<Add library="libhttp" />
					<Add library="libboost_python-xgcc42-mt-d-1_54" />
					<Add library="libpython2.6" />
					<Add library="libssl" />
					<Add library="libcrypto" />
					<Add library="libdb" />
					<Add library="libz" />
					<Add directory="../../../lib/macosx/x86_64/gcc/debug" />
					<Add directory="../../../dependencies/lib/macosx/x86_64/gcc/debug" />
					<Add directory="../../../bin/macosx/x86_64/gcc/debug/Osiris.app/Contents/MacOS" />
				</Linker>
				<ExtraCommands>
					<Add after="../../postbuild_osx.sh $(TARGET_OUTPUT_BASENAME).dylib $(TARGET_OUTPUT_DIR)" />
				</ExtraCommands>
			</Target>
			<Target title="release mac-x86_64">
				<Option platforms="Mac;" />
				<Option output="../../../bin/macosx/x86_64/gcc/release/Osiris.app/Contents/MacOS/python" prefix_auto="1" extension_auto="1" />
				<Option object_output="../../../obj/macosx/x86_64/gcc/plugins/python/release" />
				<Option type="3" />
				<Option compiler="gcc" />
				<Option createDefFile="1" />
				<Option createStaticLib="1" />
				<Compiler>
					<Add option="-O2" />
					<Add option="-W" />
					<Add option="-DNDEBUG" />
					<Add option="-DUNICODE" />
					<Add directory="./" />
					<Add directory="../../../dependencies/include" />
					<Add directory="../../../dependencies/include/mac-x86_64" />
					<Add directory="../../../dependencies/include/mac-x86_64/python" />
					<Add directory="../../core" />
					<Add directory="../../xml" />
					<Add directory="../../web" />
					<Add directory="../../lang" />
					<Add directory="../../net" />
					<Add directory="../../engine" />
					<Add directory="../../db" />
					<Add directory="./wrappers" />
					<Add directory="../../http" />
					<Add directory="../../archives" />
				</Compiler>
				<ResourceCompiler>
					<Add directory="../../../dependencies/include" />
					<Add directory="../../core" />
					<Add directory="../../xml" />
					<Add directory="../../web" />
					<Add directory="../../lang" />
					<Add directory="../../net" />
					<Add directory="../../engine" />
				</ResourceCompiler>
				<Linker>
					<Add option="-s" />
					<Add option="-dynamiclib" />
					<Add library="libcore" />
					<Add library="libengine" />
					<Add library="liblang" />
					<Add library="libxml" />
					<Add library="libnet" />
					<Add library="libweb" />
					<Add library="libhttp" />
					<Add library="libboost_python-xgcc42-mt-1_54" />
					<Add library="libssl" />
					<Add library="libcrypto" />
					<Add library="libdb" />
					<Add library="libpython2.6" />
					<Add library="libz" />
					<Add directory="../../../lib/macosx/x86_64/gcc/release" />
					<Add directory="../../../dependencies/lib/macosx/x86_64/gcc/release" />
					<Add directory="../../../bin/macosx/x86_64/gcc/release/Osiris.app/Contents/MacOS" />
				</Linker>
				<ExtraCommands>
					<Add after="../../postbuild_osx.sh $(TARGET_OUTPUT_BASENAME).dylib $(TARGET_OUTPUT_DIR)" />
				</ExtraCommands>
			</Target>
			<Target title="debug linux-x86_64">
				<Option platforms="Unix;" />
				<Option output="../../../bin/linux/x86_64/gcc/debug/python" prefix_auto="1" extension_auto="1" />
				<Option object_output="../../../obj/linux/x86_64/gcc/plugins/python/debug" />
				<Option type="3" />
				<Option compiler="gcc" />
				<Option createDefFile="1" />
				<Option createStaticLib="1" />
				<Compiler>
					<Add option="-g" />
					<Add option="-W" />
					<Add option="-fPIC" />
					<Add option="-D_DEBUG" />
					<Add option="-DUNICODE" />
					<Add directory="./" />
					<Add directory="../../../dependencies/include" />
					<Add directory="../../../dependencies/include/linux" />
					<Add directory="../../../dependencies/include/linux/python" />
					<Add directory="../../core" />
					<Add directory="../../xml" />
					<Add directory="../../web" />
					<Add directory="../../lang" />
					<Add directory="../../net" />
					<Add directory="../../engine" />
					<Add directory="../../db" />
					<Add directory="./wrappers" />
					<Add directory="../../http" />
					<Add directory="../../archives" />
				</Compiler>
				<ResourceCompiler>
					<Add directory="../../../dependencies/include" />
					<Add directory="../../core" />
					<Add directory="../../xml" />
					<Add directory="../../web" />
					<Add directory="../../lang" />
					<Add directory="../../net" />
					<Add directory="../../engine" />
				</ResourceCompiler>
				<Linker>
					<Add option="-Wl,-z,defs,-rpath=./" />
					<Add library="libboost_python-gcc48-mt-d-1_54" />
					<Add library="libpython2.6" />
					<Add library="libboost_system-gcc48-mt-d-1_54" />
					<Add library="libcore" />
					<Add library="libhttp" />
					<Add library="libpthread" />
					<Add library="libengine" />
					<Add library="libweb" />
					<Add library="libxml" />
					<Add library="libssl" />
					<Add library="libcrypto" />
					<Add library="libdb" />
					<Add library="libnet" />
					<Add library="liblang" />
					<Add library="libdl" />
					<Add library="libutil" />
					<Add library="libz" />
					<Add directory="../../../dependencies/lib/linux/x86_64/gcc/debug" />
					<Add directory="../../../bin/linux/x86_64/gcc/debug" />
				</Linker>
			</Target>
			<Target title="release linux-x86_64">
				<Option platforms="Unix;" />
				<Option output="../../../bin/linux/x86_64/gcc/release/python" prefix_auto="1" extension_auto="1" />
				<Option object_output="../../../obj/linux/x86_64/gcc/plugins/python/release" />
				<Option type="3" />
				<Option compiler="gcc" />
				<Option createDefFile="1" />
				<Option createStaticLib="1" />
				<Compiler>
					<Add option="-O2" />
					<Add option="-W" />
					<Add option="-fPIC" />
					<Add option="-DNDEBUG" />
					<Add option="-DUNICODE" />
					<Add directory="./" />
					<Add directory="../../../dependencies/include" />
					<Add directory="../../../dependencies/include/linux" />
					<Add directory="../../../dependencies/include/linux/python" />
					<Add directory="../../core" />
					<Add directory="../../xml" />
					<Add directory="../../web" />
					<Add directory="../../lang" />
					<Add directory="../../net" />
					<Add directory="../../engine" />
					<Add directory="../../db" />
					<Add directory="./wrappers" />
					<Add directory="../../http" />
					<Add directory="../../archives" />
				</Compiler>
				<ResourceCompiler>
					<Add directory="../../../dependencies/include" />
					<Add directory="../../core" />
					<Add directory="../../xml" />
					<Add directory="../../web" />
					<Add directory="../../lang" />
					<Add directory="../../net" />
					<Add directory="../../engine" />
				</ResourceCompiler>
				<Linker>
					<Add option="-s" />
					<Add option="-Wl,-z,defs,-rpath=./" />
					<Add library="libboost_python-gcc48-mt-1_54" />
					<Add library="libpython2.6" />
					<Add library="libboost_system-gcc48-mt-1_54" />
					<Add library="libcore" />
					<Add library="libhttp" />
					<Add library="libpthread" />
					<Add library="libengine" />
					<Add library="libweb" />
					<Add library="libxml" />
					<Add library="libssl" />
					<Add library="libcrypto" />
					<Add library="libdb" />
					<Add library="libnet" />
					<Add library="liblang" />
					<Add library="libdl" />
					<Add library="libutil" />
					<Add library="libz" />
					<Add directory="../../../dependencies/lib/linux/x86_64/gcc/release" />
					<Add directory="../../../bin/linux/x86_64/gcc/release" />
				</Linker>
			</Target>
		</Build>
		<Unit filename="Python.h" />
		<Unit filename="boostpython.h" />
		<Unit filename="gccxml.h" />
		<Unit filename="patchlevel.h" />
		<Unit filename="plugin.cpp" />
		<Unit filename="pyplusplusaliases.h" />
		<Unit filename="pypluspluscommon.h" />
		<Unit filename="pythoncodecontext.cpp" />
		<Unit filename="pythoncodecontext.h" />
		<Unit filename="pythoncodeprovider.cpp" />
		<Unit filename="pythoncodeprovider.h" />
		<Unit filename="pythoncommon.h" />
		<Unit filename="pythonconverters.cpp" />
		<Unit filename="pythonconverters.h" />
		<Unit filename="pythonengine.cpp" />
		<Unit filename="pythonengine.h" />
		<Unit filename="pythoninterpreter.cpp" />
		<Unit filename="pythoninterpreter.h" />
		<Unit filename="pythonmanualwrappers.cpp" />
		<Unit filename="pythonmanualwrappers.h" />
		<Unit filename="pythonmethodresult.cpp" />
		<Unit filename="pythonmethodresult.h" />
		<Unit filename="pythonoverride.cpp" />
		<Unit filename="pythonoverride.h" />
		<Unit filename="pythonstate.cpp" />
		<Unit filename="pythonstate.h" />
		<Unit filename="pythonthreadsaver.cpp" />
		<Unit filename="pythonthreadsaver.h" />
		<Unit filename="pythonvisitors.h" />
		<Unit filename="pythonwrapper.h" />
		<Unit filename="stdafx.cpp" />
		<Unit filename="stdafx.h" />
		<Unit filename="wrappers.h" />
		<Unit filename="wrappers/__call_policies.pypp.hpp" />
		<Unit filename="wrappers/_dataitem__value_traits.pypp.hpp" />
		<Unit filename="wrappers/_idatabasedriverptr__value_traits.pypp.hpp" />
		<Unit filename="wrappers/_idatabaseparameterptr__value_traits.pypp.hpp" />
		<Unit filename="wrappers/_idbdriverptr__value_traits.pypp.hpp" />
		<Unit filename="wrappers/_idbparameterptr__value_traits.pypp.hpp" />
		<Unit filename="wrappers/_isearchoptionsptr__value_traits.pypp.hpp" />
		<Unit filename="wrappers/_languagefolderptr__value_traits.pypp.hpp" />
		<Unit filename="wrappers/_omlemoticonptr__value_traits.pypp.hpp" />
		<Unit filename="wrappers/_omlitemptr__value_traits.pypp.hpp" />
		<Unit filename="wrappers/_portalptr__value_traits.pypp.hpp" />
		<Unit filename="wrappers/backgroundjobs.pypp.hpp" />
		<Unit filename="wrappers/buffer.pypp.cpp" />
		<Unit filename="wrappers/buffer.pypp.hpp" />
		<Unit filename="wrappers/cryptmanager.pypp.cpp" />
		<Unit filename="wrappers/cryptmanager.pypp.hpp" />
		<Unit filename="wrappers/cryptmanagersingleton.pypp.cpp" />
		<Unit filename="wrappers/cryptmanagersingleton.pypp.hpp" />
		<Unit filename="wrappers/databasessystem.pypp.cpp" />
		<Unit filename="wrappers/databasessystem.pypp.hpp" />
		<Unit filename="wrappers/databasessystemsingleton.pypp.cpp" />
		<Unit filename="wrappers/databasessystemsingleton.pypp.hpp" />
		<Unit filename="wrappers/dataitem.pypp.cpp" />
		<Unit filename="wrappers/dataitem.pypp.hpp" />
		<Unit filename="wrappers/dataitemvector.pypp.cpp" />
		<Unit filename="wrappers/dataitemvector.pypp.hpp" />
		<Unit filename="wrappers/datatable.pypp.cpp" />
		<Unit filename="wrappers/datatable.pypp.hpp" />
		<Unit filename="wrappers/datetime.pypp.cpp" />
		<Unit filename="wrappers/datetime.pypp.hpp" />
		<Unit filename="wrappers/engine.pypp.cpp" />
		<Unit filename="wrappers/engine.pypp.hpp" />
		<Unit filename="wrappers/enginesingleton.pypp.cpp" />
		<Unit filename="wrappers/enginesingleton.pypp.hpp" />
		<Unit filename="wrappers/eventsource.pypp.cpp" />
		<Unit filename="wrappers/eventsource.pypp.hpp" />
		<Unit filename="wrappers/extension.pypp.hpp" />
		<Unit filename="wrappers/extensionscomponentcontrol.pypp.cpp" />
		<Unit filename="wrappers/extensionscomponentcontrol.pypp.hpp" />
		<Unit filename="wrappers/extensionscomponenteditor.pypp.cpp" />
		<Unit filename="wrappers/extensionscomponenteditor.pypp.hpp" />
		<Unit filename="wrappers/extensionscomponentid.pypp.cpp" />
		<Unit filename="wrappers/extensionscomponentid.pypp.hpp" />
		<Unit filename="wrappers/extensionscomponentviewer.pypp.cpp" />
		<Unit filename="wrappers/extensionscomponentviewer.pypp.hpp" />
		<Unit filename="wrappers/extensionsextension.pypp.cpp" />
		<Unit filename="wrappers/extensionsextension.pypp.hpp" />
		<Unit filename="wrappers/extensionsinvalidcomponent.pypp.cpp" />
		<Unit filename="wrappers/extensionsinvalidcomponent.pypp.hpp" />
		<Unit filename="wrappers/extensionsinvalidmodule.pypp.cpp" />
		<Unit filename="wrappers/extensionsinvalidmodule.pypp.hpp" />
		<Unit filename="wrappers/extensionsmodulecontrol.pypp.cpp" />
		<Unit filename="wrappers/extensionsmodulecontrol.pypp.hpp" />
		<Unit filename="wrappers/extensionsmoduleeditor.pypp.cpp" />
		<Unit filename="wrappers/extensionsmoduleeditor.pypp.hpp" />
		<Unit filename="wrappers/extensionsmoduleid.pypp.cpp" />
		<Unit filename="wrappers/extensionsmoduleid.pypp.hpp" />
		<Unit filename="wrappers/extensionsmoduleviewer.pypp.cpp" />
		<Unit filename="wrappers/extensionsmoduleviewer.pypp.hpp" />
		<Unit filename="wrappers/extensionsmoduleviewerhidden.pypp.cpp" />
		<Unit filename="wrappers/extensionsmoduleviewerhidden.pypp.hpp" />
		<Unit filename="wrappers/extensionssystem.pypp.cpp" />
		<Unit filename="wrappers/extensionssystem.pypp.hpp" />
		<Unit filename="wrappers/extensionssystemsingleton.pypp.cpp" />
		<Unit filename="wrappers/extensionssystemsingleton.pypp.hpp" />
		<Unit filename="wrappers/file.pypp.cpp" />
		<Unit filename="wrappers/file.pypp.hpp" />
		<Unit filename="wrappers/filelogger.pypp.cpp" />
		<Unit filename="wrappers/filelogger.pypp.hpp" />
		<Unit filename="wrappers/filesystem.pypp.cpp" />
		<Unit filename="wrappers/filesystem.pypp.hpp" />
		<Unit filename="wrappers/filesystemsingleton.pypp.cpp" />
		<Unit filename="wrappers/filesystemsingleton.pypp.hpp" />
		<Unit filename="wrappers/hash.pypp.cpp" />
		<Unit filename="wrappers/hash.pypp.hpp" />
		<Unit filename="wrappers/htmlattribute.pypp.cpp" />
		<Unit filename="wrappers/htmlattribute.pypp.hpp" />
		<Unit filename="wrappers/htmlattributes.pypp.cpp" />
		<Unit filename="wrappers/htmlattributes.pypp.hpp" />
		<Unit filename="wrappers/htmlbr.pypp.cpp" />
		<Unit filename="wrappers/htmlbr.pypp.hpp" />
		<Unit filename="wrappers/htmlbutton.pypp.cpp" />
		<Unit filename="wrappers/htmlbutton.pypp.hpp" />
		<Unit filename="wrappers/htmlcheckbox.pypp.cpp" />
		<Unit filename="wrappers/htmlcheckbox.pypp.hpp" />
		<Unit filename="wrappers/htmlcombobox.pypp.cpp" />
		<Unit filename="wrappers/htmlcombobox.pypp.hpp" />
		<Unit filename="wrappers/htmlcontrols.pypp.cpp" />
		<Unit filename="wrappers/htmlcontrols.pypp.hpp" />
		<Unit filename="wrappers/htmldiv.pypp.cpp" />
		<Unit filename="wrappers/htmldiv.pypp.hpp" />
		<Unit filename="wrappers/htmlevent.pypp.cpp" />
		<Unit filename="wrappers/htmlevent.pypp.hpp" />
		<Unit filename="wrappers/htmlevents.pypp.cpp" />
		<Unit filename="wrappers/htmlevents.pypp.hpp" />
		<Unit filename="wrappers/htmlfilebrowser.pypp.cpp" />
		<Unit filename="wrappers/htmlfilebrowser.pypp.hpp" />
		<Unit filename="wrappers/htmlimage.pypp.cpp" />
		<Unit filename="wrappers/htmlimage.pypp.hpp" />
		<Unit filename="wrappers/htmllink.pypp.cpp" />
		<Unit filename="wrappers/htmllink.pypp.hpp" />
		<Unit filename="wrappers/htmllinkbutton.pypp.cpp" />
		<Unit filename="wrappers/htmllinkbutton.pypp.hpp" />
		<Unit filename="wrappers/htmllinktag.pypp.cpp" />
		<Unit filename="wrappers/htmllinktag.pypp.hpp" />
		<Unit filename="wrappers/htmllistbox.pypp.cpp" />
		<Unit filename="wrappers/htmllistbox.pypp.hpp" />
		<Unit filename="wrappers/htmlliteral.pypp.cpp" />
		<Unit filename="wrappers/htmlliteral.pypp.hpp" />
		<Unit filename="wrappers/htmlmetatag.pypp.cpp" />
		<Unit filename="wrappers/htmlmetatag.pypp.hpp" />
		<Unit filename="wrappers/htmloption.pypp.cpp" />
		<Unit filename="wrappers/htmloption.pypp.hpp" />
		<Unit filename="wrappers/htmloptiongroup.pypp.cpp" />
		<Unit filename="wrappers/htmloptiongroup.pypp.hpp" />
		<Unit filename="wrappers/htmlpage.pypp.cpp" />
		<Unit filename="wrappers/htmlpage.pypp.hpp" />
		<Unit filename="wrappers/htmlpager.pypp.cpp" />
		<Unit filename="wrappers/htmlpager.pypp.hpp" />
		<Unit filename="wrappers/htmlpanel.pypp.cpp" />
		<Unit filename="wrappers/htmlpanel.pypp.hpp" />
		<Unit filename="wrappers/htmlparagraph.pypp.cpp" />
		<Unit filename="wrappers/htmlparagraph.pypp.hpp" />
		<Unit filename="wrappers/htmlparser.pypp.cpp" />
		<Unit filename="wrappers/htmlparser.pypp.hpp" />
		<Unit filename="wrappers/htmlparsersingleton.pypp.cpp" />
		<Unit filename="wrappers/htmlparsersingleton.pypp.hpp" />
		<Unit filename="wrappers/htmlpopup.pypp.cpp" />
		<Unit filename="wrappers/htmlpopup.pypp.hpp" />
		<Unit filename="wrappers/htmlroller.pypp.cpp" />
		<Unit filename="wrappers/htmlroller.pypp.hpp" />
		<Unit filename="wrappers/htmlscript.pypp.cpp" />
		<Unit filename="wrappers/htmlscript.pypp.hpp" />
		<Unit filename="wrappers/htmlspace.pypp.cpp" />
		<Unit filename="wrappers/htmlspace.pypp.hpp" />
		<Unit filename="wrappers/htmlspan.pypp.cpp" />
		<Unit filename="wrappers/htmlspan.pypp.hpp" />
		<Unit filename="wrappers/htmltab.pypp.cpp" />
		<Unit filename="wrappers/htmltab.pypp.hpp" />
		<Unit filename="wrappers/htmltabctrl.pypp.cpp" />
		<Unit filename="wrappers/htmltabctrl.pypp.hpp" />
		<Unit filename="wrappers/htmltable.pypp.cpp" />
		<Unit filename="wrappers/htmltable.pypp.hpp" />
		<Unit filename="wrappers/htmltablecell.pypp.cpp" />
		<Unit filename="wrappers/htmltablecell.pypp.hpp" />
		<Unit filename="wrappers/htmltableheader.pypp.cpp" />
		<Unit filename="wrappers/htmltableheader.pypp.hpp" />
		<Unit filename="wrappers/htmltablerow.pypp.cpp" />
		<Unit filename="wrappers/htmltablerow.pypp.hpp" />
		<Unit filename="wrappers/htmltabpage.pypp.cpp" />
		<Unit filename="wrappers/htmltabpage.pypp.hpp" />
		<Unit filename="wrappers/htmltext.pypp.cpp" />
		<Unit filename="wrappers/htmltext.pypp.hpp" />
		<Unit filename="wrappers/htmltextarea.pypp.cpp" />
		<Unit filename="wrappers/htmltextarea.pypp.hpp" />
		<Unit filename="wrappers/htmltextbox.pypp.cpp" />
		<Unit filename="wrappers/htmltextbox.pypp.hpp" />
		<Unit filename="wrappers/htmltooltip.pypp.cpp" />
		<Unit filename="wrappers/htmltooltip.pypp.hpp" />
		<Unit filename="wrappers/htmlunit.pypp.cpp" />
		<Unit filename="wrappers/htmlunit.pypp.hpp" />
		<Unit filename="wrappers/htmlwriter.pypp.cpp" />
		<Unit filename="wrappers/htmlwriter.pypp.hpp" />
		<Unit filename="wrappers/htmlxslcontrol.pypp.cpp" />
		<Unit filename="wrappers/htmlxslcontrol.pypp.hpp" />
		<Unit filename="wrappers/httpclient.pypp.cpp" />
		<Unit filename="wrappers/httpclient.pypp.hpp" />
		<Unit filename="wrappers/httpcontent.pypp.cpp" />
		<Unit filename="wrappers/httpcontent.pypp.hpp" />
		<Unit filename="wrappers/httpcookie.pypp.cpp" />
		<Unit filename="wrappers/httpcookie.pypp.hpp" />
		<Unit filename="wrappers/httpcookies.pypp.cpp" />
		<Unit filename="wrappers/httpcookies.pypp.hpp" />
		<Unit filename="wrappers/httpdata.pypp.cpp" />
		<Unit filename="wrappers/httpdata.pypp.hpp" />
		<Unit filename="wrappers/httpparser.pypp.cpp" />
		<Unit filename="wrappers/httpparser.pypp.hpp" />
		<Unit filename="wrappers/httppath.pypp.cpp" />
		<Unit filename="wrappers/httppath.pypp.hpp" />
		<Unit filename="wrappers/httpphysicaldirectory.pypp.cpp" />
		<Unit filename="wrappers/httpphysicaldirectory.pypp.hpp" />
		<Unit filename="wrappers/httppostparam.pypp.cpp" />
		<Unit filename="wrappers/httppostparam.pypp.hpp" />
		<Unit filename="wrappers/httpproxy.pypp.cpp" />
		<Unit filename="wrappers/httpproxy.pypp.hpp" />
		<Unit filename="wrappers/httprequest.pypp.cpp" />
		<Unit filename="wrappers/httprequest.pypp.hpp" />
		<Unit filename="wrappers/httpresponse.pypp.cpp" />
		<Unit filename="wrappers/httpresponse.pypp.hpp" />
		<Unit filename="wrappers/httprootdirectory.pypp.cpp" />
		<Unit filename="wrappers/httprootdirectory.pypp.hpp" />
		<Unit filename="wrappers/httpsession.pypp.cpp" />
		<Unit filename="wrappers/httpsession.pypp.hpp" />
		<Unit filename="wrappers/httpsessionstate.pypp.cpp" />
		<Unit filename="wrappers/httpsessionstate.pypp.hpp" />
		<Unit filename="wrappers/httpurl.pypp.cpp" />
		<Unit filename="wrappers/httpurl.pypp.hpp" />
		<Unit filename="wrappers/httpvirtualdirectory.pypp.cpp" />
		<Unit filename="wrappers/httpvirtualdirectory.pypp.hpp" />
		<Unit filename="wrappers/ibackgroundjob.pypp.cpp" />
		<Unit filename="wrappers/ibackgroundjob.pypp.hpp" />
		<Unit filename="wrappers/id.pypp.cpp" />
		<Unit filename="wrappers/id.pypp.hpp" />
		<Unit filename="wrappers/idbconnection.pypp.cpp" />
		<Unit filename="wrappers/idbconnection.pypp.hpp" />
		<Unit filename="wrappers/idbdriver.pypp.cpp" />
		<Unit filename="wrappers/idbdriver.pypp.hpp" />
		<Unit filename="wrappers/idbdriverlist.pypp.cpp" />
		<Unit filename="wrappers/idbdriverlist.pypp.hpp" />
		<Unit filename="wrappers/idboptions.pypp.cpp" />
		<Unit filename="wrappers/idboptions.pypp.hpp" />
		<Unit filename="wrappers/idbparameter.pypp.cpp" />
		<Unit filename="wrappers/idbparameter.pypp.hpp" />
		<Unit filename="wrappers/idbparameterdeque.pypp.cpp" />
		<Unit filename="wrappers/idbparameterdeque.pypp.hpp" />
		<Unit filename="wrappers/idbresult.pypp.cpp" />
		<Unit filename="wrappers/idbresult.pypp.hpp" />
		<Unit filename="wrappers/idbstatement.pypp.cpp" />
		<Unit filename="wrappers/idbstatement.pypp.hpp" />
		<Unit filename="wrappers/ideassistant.pypp.cpp" />
		<Unit filename="wrappers/ideassistant.pypp.hpp" />
		<Unit filename="wrappers/ideblock.pypp.cpp" />
		<Unit filename="wrappers/ideblock.pypp.hpp" />
		<Unit filename="wrappers/idebooleanpicker.pypp.cpp" />
		<Unit filename="wrappers/idebooleanpicker.pypp.hpp" />
		<Unit filename="wrappers/idebutton.pypp.cpp" />
		<Unit filename="wrappers/idebutton.pypp.hpp" />
		<Unit filename="wrappers/ideculturepicker.pypp.cpp" />
		<Unit filename="wrappers/ideculturepicker.pypp.hpp" />
		<Unit filename="wrappers/idedatetimepicker.pypp.cpp" />
		<Unit filename="wrappers/idedatetimepicker.pypp.hpp" />
		<Unit filename="wrappers/idedatetimespecialpicker.pypp.cpp" />
		<Unit filename="wrappers/idedatetimespecialpicker.pypp.hpp" />
		<Unit filename="wrappers/idehelpbox.pypp.cpp" />
		<Unit filename="wrappers/idehelpbox.pypp.hpp" />
		<Unit filename="wrappers/idemailbox.pypp.cpp" />
		<Unit filename="wrappers/idemailbox.pypp.hpp" />
		<Unit filename="wrappers/ideobjectpicker.pypp.cpp" />
		<Unit filename="wrappers/ideobjectpicker.pypp.hpp" />
		<Unit filename="wrappers/ideomleditor.pypp.cpp" />
		<Unit filename="wrappers/ideomleditor.pypp.hpp" />
		<Unit filename="wrappers/idepathway.pypp.cpp" />
		<Unit filename="wrappers/idepathway.pypp.hpp" />
		<Unit filename="wrappers/idepositioneditor.pypp.cpp" />
		<Unit filename="wrappers/idepositioneditor.pypp.hpp" />
		<Unit filename="wrappers/idesearchglobalparams.pypp.cpp" />
		<Unit filename="wrappers/idesearchglobalparams.pypp.hpp" />
		<Unit filename="wrappers/idesearchparam.pypp.cpp" />
		<Unit filename="wrappers/idesearchparam.pypp.hpp" />
		<Unit filename="wrappers/idesearchquery.pypp.cpp" />
		<Unit filename="wrappers/idesearchquery.pypp.hpp" />
		<Unit filename="wrappers/idesearchresults.pypp.cpp" />
		<Unit filename="wrappers/idesearchresults.pypp.hpp" />
		<Unit filename="wrappers/ideskin.pypp.cpp" />
		<Unit filename="wrappers/ideskin.pypp.hpp" />
		<Unit filename="wrappers/ideskinsimple.pypp.cpp" />
		<Unit filename="wrappers/ideskinsimple.pypp.hpp" />
		<Unit filename="wrappers/idesystem.pypp.cpp" />
		<Unit filename="wrappers/idesystem.pypp.hpp" />
		<Unit filename="wrappers/idesystemsingleton.pypp.cpp" />
		<Unit filename="wrappers/idesystemsingleton.pypp.hpp" />
		<Unit filename="wrappers/idetablequery.pypp.cpp" />
		<Unit filename="wrappers/idetablequery.pypp.hpp" />
		<Unit filename="wrappers/idevoteeditor.pypp.cpp" />
		<Unit filename="wrappers/idevoteeditor.pypp.hpp" />
		<Unit filename="wrappers/idexslresolver.pypp.cpp" />
		<Unit filename="wrappers/idexslresolver.pypp.hpp" />
		<Unit filename="wrappers/ievent.pypp.cpp" />
		<Unit filename="wrappers/ievent.pypp.hpp" />
		<Unit filename="wrappers/ieventcallback.pypp.cpp" />
		<Unit filename="wrappers/ieventcallback.pypp.hpp" />
		<Unit filename="wrappers/iextension.pypp.hpp" />
		<Unit filename="wrappers/iextensionscomponent.pypp.cpp" />
		<Unit filename="wrappers/iextensionscomponent.pypp.hpp" />
		<Unit filename="wrappers/iextensionsextension.pypp.cpp" />
		<Unit filename="wrappers/iextensionsextension.pypp.hpp" />
		<Unit filename="wrappers/iextensionsmodule.pypp.cpp" />
		<Unit filename="wrappers/iextensionsmodule.pypp.hpp" />
		<Unit filename="wrappers/ihtmlcontrol.pypp.cpp" />
		<Unit filename="wrappers/ihtmlcontrol.pypp.hpp" />
		<Unit filename="wrappers/ihtmlinput.pypp.cpp" />
		<Unit filename="wrappers/ihtmlinput.pypp.hpp" />
		<Unit filename="wrappers/ihtmlselect.pypp.cpp" />
		<Unit filename="wrappers/ihtmlselect.pypp.hpp" />
		<Unit filename="wrappers/ihttpclient.pypp.cpp" />
		<Unit filename="wrappers/ihttpclient.pypp.hpp" />
		<Unit filename="wrappers/ihttpdirectory.pypp.cpp" />
		<Unit filename="wrappers/ihttpdirectory.pypp.hpp" />
		<Unit filename="wrappers/ihttpdirectoryhandler.pypp.cpp" />
		<Unit filename="wrappers/ihttpdirectoryhandler.pypp.hpp" />
		<Unit filename="wrappers/ihttpdirectoryhandlerlist.pypp.cpp" />
		<Unit filename="wrappers/ihttpdirectoryhandlerlist.pypp.hpp" />
		<Unit filename="wrappers/ihttpdirectoryregexhandler.pypp.cpp" />
		<Unit filename="wrappers/ihttpdirectoryregexhandler.pypp.hpp" />
		<Unit filename="wrappers/ihttpmethod.pypp.cpp" />
		<Unit filename="wrappers/ihttpmethod.pypp.hpp" />
		<Unit filename="wrappers/ihttpserver.pypp.cpp" />
		<Unit filename="wrappers/ihttpserver.pypp.hpp" />
		<Unit filename="wrappers/iidepageable.pypp.cpp" />
		<Unit filename="wrappers/iidepageable.pypp.hpp" />
		<Unit filename="wrappers/ijob.pypp.cpp" />
		<Unit filename="wrappers/ijob.pypp.hpp" />
		<Unit filename="wrappers/image.pypp.cpp" />
		<Unit filename="wrappers/image.pypp.hpp" />
		<Unit filename="wrappers/imainpage.pypp.cpp" />
		<Unit filename="wrappers/imainpage.pypp.hpp" />
		<Unit filename="wrappers/imodule.pypp.hpp" />
		<Unit filename="wrappers/iomlcode.pypp.cpp" />
		<Unit filename="wrappers/iomlcode.pypp.hpp" />
		<Unit filename="wrappers/iomlxsl.pypp.cpp" />
		<Unit filename="wrappers/iomlxsl.pypp.hpp" />
		<Unit filename="wrappers/ioptionvalidator.pypp.cpp" />
		<Unit filename="wrappers/ioptionvalidator.pypp.hpp" />
		<Unit filename="wrappers/ipaddress.pypp.cpp" />
		<Unit filename="wrappers/ipaddress.pypp.hpp" />
		<Unit filename="wrappers/ipage.pypp.cpp" />
		<Unit filename="wrappers/ipage.pypp.hpp" />
		<Unit filename="wrappers/ipagehtmlcontrol.pypp.cpp" />
		<Unit filename="wrappers/ipagehtmlcontrol.pypp.hpp" />
		<Unit filename="wrappers/ipagehtmldiv.pypp.cpp" />
		<Unit filename="wrappers/ipagehtmldiv.pypp.hpp" />
		<Unit filename="wrappers/ipagexslrendererhtmlcontrol.pypp.cpp" />
		<Unit filename="wrappers/ipagexslrendererhtmlcontrol.pypp.hpp" />
		<Unit filename="wrappers/iportalbackgroundjob.pypp.cpp" />
		<Unit filename="wrappers/iportalbackgroundjob.pypp.hpp" />
		<Unit filename="wrappers/iportaldatabase.pypp.cpp" />
		<Unit filename="wrappers/iportaldatabase.pypp.hpp" />
		<Unit filename="wrappers/iportalpage.pypp.cpp" />
		<Unit filename="wrappers/iportalpage.pypp.hpp" />
		<Unit filename="wrappers/iportalpagehtmlcontrol.pypp.cpp" />
		<Unit filename="wrappers/iportalpagehtmlcontrol.pypp.hpp" />
		<Unit filename="wrappers/iportalpagehtmldiv.pypp.cpp" />
		<Unit filename="wrappers/iportalpagehtmldiv.pypp.hpp" />
		<Unit filename="wrappers/iportalpagexslrendererhtmlcontrol.pypp.cpp" />
		<Unit filename="wrappers/iportalpagexslrendererhtmlcontrol.pypp.hpp" />
		<Unit filename="wrappers/isearchoptions.pypp.cpp" />
		<Unit filename="wrappers/isearchoptions.pypp.hpp" />
		<Unit filename="wrappers/isearchresults.pypp.cpp" />
		<Unit filename="wrappers/isearchresults.pypp.hpp" />
		<Unit filename="wrappers/iserver.pypp.cpp" />
		<Unit filename="wrappers/iserver.pypp.hpp" />
		<Unit filename="wrappers/isisendpoint.pypp.cpp" />
		<Unit filename="wrappers/isisendpoint.pypp.hpp" />
		<Unit filename="wrappers/istream.pypp.cpp" />
		<Unit filename="wrappers/istream.pypp.hpp" />
		<Unit filename="wrappers/ivirtualmainpage.pypp.cpp" />
		<Unit filename="wrappers/ivirtualmainpage.pypp.hpp" />
		<Unit filename="wrappers/ixmlfunction.pypp.cpp" />
		<Unit filename="wrappers/ixmlfunction.pypp.hpp" />
		<Unit filename="wrappers/ixmlhandler.pypp.cpp" />
		<Unit filename="wrappers/ixmlhandler.pypp.hpp" />
		<Unit filename="wrappers/ixmlresolver.pypp.cpp" />
		<Unit filename="wrappers/ixmlresolver.pypp.hpp" />
		<Unit filename="wrappers/ixmlserializable.pypp.cpp" />
		<Unit filename="wrappers/ixmlserializable.pypp.hpp" />
		<Unit filename="wrappers/languageculture.pypp.cpp" />
		<Unit filename="wrappers/languageculture.pypp.hpp" />
		<Unit filename="wrappers/languagefolder.pypp.cpp" />
		<Unit filename="wrappers/languagefolder.pypp.hpp" />
		<Unit filename="wrappers/languagefolderlist.pypp.cpp" />
		<Unit filename="wrappers/languagefolderlist.pypp.hpp" />
		<Unit filename="wrappers/languagefolderlistener.pypp.cpp" />
		<Unit filename="wrappers/languagefolderlistener.pypp.hpp" />
		<Unit filename="wrappers/languagemanager.pypp.cpp" />
		<Unit filename="wrappers/languagemanager.pypp.hpp" />
		<Unit filename="wrappers/languagemanagersingleton.pypp.cpp" />
		<Unit filename="wrappers/languagemanagersingleton.pypp.hpp" />
		<Unit filename="wrappers/languagevocabolary.pypp.cpp" />
		<Unit filename="wrappers/languagevocabolary.pypp.hpp" />
		<Unit filename="wrappers/loggeduser.pypp.cpp" />
		<Unit filename="wrappers/loggeduser.pypp.hpp" />
		<Unit filename="wrappers/logmanager.pypp.cpp" />
		<Unit filename="wrappers/logmanager.pypp.hpp" />
		<Unit filename="wrappers/logmanagersingleton.pypp.cpp" />
		<Unit filename="wrappers/logmanagersingleton.pypp.hpp" />
		<Unit filename="wrappers/mainaddonsjob.pypp.cpp" />
		<Unit filename="wrappers/mainaddonsjob.pypp.hpp" />
		<Unit filename="wrappers/modulecontrol.pypp.hpp" />
		<Unit filename="wrappers/moduleeditor.pypp.hpp" />
		<Unit filename="wrappers/moduleid.pypp.hpp" />
		<Unit filename="wrappers/moduleviewer.pypp.hpp" />
		<Unit filename="wrappers/networksystem.pypp.cpp" />
		<Unit filename="wrappers/networksystem.pypp.hpp" />
		<Unit filename="wrappers/networksystemsingleton.pypp.cpp" />
		<Unit filename="wrappers/networksystemsingleton.pypp.hpp" />
		<Unit filename="wrappers/objectid.pypp.cpp" />
		<Unit filename="wrappers/objectid.pypp.hpp" />
		<Unit filename="wrappers/omla.pypp.cpp" />
		<Unit filename="wrappers/omla.pypp.hpp" />
		<Unit filename="wrappers/omlanchor.pypp.cpp" />
		<Unit filename="wrappers/omlanchor.pypp.hpp" />
		<Unit filename="wrappers/omlcode.pypp.cpp" />
		<Unit filename="wrappers/omlcode.pypp.hpp" />
		<Unit filename="wrappers/omlcontext.pypp.cpp" />
		<Unit filename="wrappers/omlcontext.pypp.hpp" />
		<Unit filename="wrappers/omldate.pypp.cpp" />
		<Unit filename="wrappers/omldate.pypp.hpp" />
		<Unit filename="wrappers/omldebug.pypp.cpp" />
		<Unit filename="wrappers/omldebug.pypp.hpp" />
		<Unit filename="wrappers/omlemail.pypp.cpp" />
		<Unit filename="wrappers/omlemail.pypp.hpp" />
		<Unit filename="wrappers/omlemoticon.pypp.cpp" />
		<Unit filename="wrappers/omlemoticon.pypp.hpp" />
		<Unit filename="wrappers/omlemoticonlist.pypp.cpp" />
		<Unit filename="wrappers/omlemoticonlist.pypp.hpp" />
		<Unit filename="wrappers/omlgoto.pypp.cpp" />
		<Unit filename="wrappers/omlgoto.pypp.hpp" />
		<Unit filename="wrappers/omlhtml.pypp.cpp" />
		<Unit filename="wrappers/omlhtml.pypp.hpp" />
		<Unit filename="wrappers/omlhtmlwrapper.pypp.cpp" />
		<Unit filename="wrappers/omlhtmlwrapper.pypp.hpp" />
		<Unit filename="wrappers/omlimg.pypp.cpp" />
		<Unit filename="wrappers/omlimg.pypp.hpp" />
		<Unit filename="wrappers/omlitem.pypp.cpp" />
		<Unit filename="wrappers/omlitem.pypp.hpp" />
		<Unit filename="wrappers/omlitemlist.pypp.cpp" />
		<Unit filename="wrappers/omlitemlist.pypp.hpp" />
		<Unit filename="wrappers/omllang.pypp.cpp" />
		<Unit filename="wrappers/omllang.pypp.hpp" />
		<Unit filename="wrappers/omlless.pypp.cpp" />
		<Unit filename="wrappers/omlless.pypp.hpp" />
		<Unit filename="wrappers/omllist.pypp.cpp" />
		<Unit filename="wrappers/omllist.pypp.hpp" />
		<Unit filename="wrappers/omlmanager.pypp.cpp" />
		<Unit filename="wrappers/omlmanager.pypp.hpp" />
		<Unit filename="wrappers/omlmanagersingleton.pypp.cpp" />
		<Unit filename="wrappers/omlmanagersingleton.pypp.hpp" />
		<Unit filename="wrappers/omlmore.pypp.cpp" />
		<Unit filename="wrappers/omlmore.pypp.hpp" />
		<Unit filename="wrappers/omlnobr.pypp.cpp" />
		<Unit filename="wrappers/omlnobr.pypp.hpp" />
		<Unit filename="wrappers/omlnoparse.pypp.cpp" />
		<Unit filename="wrappers/omlnoparse.pypp.hpp" />
		<Unit filename="wrappers/omlobject.pypp.cpp" />
		<Unit filename="wrappers/omlobject.pypp.hpp" />
		<Unit filename="wrappers/omlpopup.pypp.cpp" />
		<Unit filename="wrappers/omlpopup.pypp.hpp" />
		<Unit filename="wrappers/omlquote.pypp.cpp" />
		<Unit filename="wrappers/omlquote.pypp.hpp" />
		<Unit filename="wrappers/omlreplace.pypp.cpp" />
		<Unit filename="wrappers/omlreplace.pypp.hpp" />
		<Unit filename="wrappers/omlsize.pypp.cpp" />
		<Unit filename="wrappers/omlsize.pypp.hpp" />
		<Unit filename="wrappers/omlsystem.pypp.cpp" />
		<Unit filename="wrappers/omlsystem.pypp.hpp" />
		<Unit filename="wrappers/omltab.pypp.cpp" />
		<Unit filename="wrappers/omltab.pypp.hpp" />
		<Unit filename="wrappers/omltext.pypp.cpp" />
		<Unit filename="wrappers/omltext.pypp.hpp" />
		<Unit filename="wrappers/omlurl.pypp.cpp" />
		<Unit filename="wrappers/omlurl.pypp.hpp" />
		<Unit filename="wrappers/omluser.pypp.cpp" />
		<Unit filename="wrappers/omluser.pypp.hpp" />
		<Unit filename="wrappers/omlview.pypp.cpp" />
		<Unit filename="wrappers/omlview.pypp.hpp" />
		<Unit filename="wrappers/options.pypp.cpp" />
		<Unit filename="wrappers/options.pypp.hpp" />
		<Unit filename="wrappers/optionssingleton.pypp.cpp" />
		<Unit filename="wrappers/optionssingleton.pypp.hpp" />
		<Unit filename="wrappers/osirislib.main.cpp" />
		<Unit filename="wrappers/osirislib_enumerations.pypp.cpp" />
		<Unit filename="wrappers/osirislib_enumerations.pypp.hpp" />
		<Unit filename="wrappers/portal.pypp.cpp" />
		<Unit filename="wrappers/portal.pypp.hpp" />
		<Unit filename="wrappers/portalid.pypp.cpp" />
		<Unit filename="wrappers/portalid.pypp.hpp" />
		<Unit filename="wrappers/portallist.pypp.cpp" />
		<Unit filename="wrappers/portallist.pypp.hpp" />
		<Unit filename="wrappers/portaloptions.pypp.cpp" />
		<Unit filename="wrappers/portaloptions.pypp.hpp" />
		<Unit filename="wrappers/portalsexporterjob.pypp.cpp" />
		<Unit filename="wrappers/portalsexporterjob.pypp.hpp" />
		<Unit filename="wrappers/portalsimporterjob.pypp.cpp" />
		<Unit filename="wrappers/portalsimporterjob.pypp.hpp" />
		<Unit filename="wrappers/portalspeer.pypp.cpp" />
		<Unit filename="wrappers/portalspeer.pypp.hpp" />
		<Unit filename="wrappers/portalspeerlist.pypp.cpp" />
		<Unit filename="wrappers/portalspeerlist.pypp.hpp" />
		<Unit filename="wrappers/portalspeersmanager.pypp.cpp" />
		<Unit filename="wrappers/portalspeersmanager.pypp.hpp" />
		<Unit filename="wrappers/portalsstabilityjob.pypp.cpp" />
		<Unit filename="wrappers/portalsstabilityjob.pypp.hpp" />
		<Unit filename="wrappers/portalssystem.pypp.cpp" />
		<Unit filename="wrappers/portalssystem.pypp.hpp" />
		<Unit filename="wrappers/portalssystemsingleton.pypp.cpp" />
		<Unit filename="wrappers/portalssystemsingleton.pypp.hpp" />
		<Unit filename="wrappers/regexmanager.pypp.cpp" />
		<Unit filename="wrappers/regexmanager.pypp.hpp" />
		<Unit filename="wrappers/regexmanagersingleton.pypp.cpp" />
		<Unit filename="wrappers/regexmanagersingleton.pypp.hpp" />
		<Unit filename="wrappers/reputationsfeedback.pypp.hpp" />
		<Unit filename="wrappers/reputationsmanager.pypp.cpp" />
		<Unit filename="wrappers/reputationsmanager.pypp.hpp" />
		<Unit filename="wrappers/reputationsscore.pypp.cpp" />
		<Unit filename="wrappers/reputationsscore.pypp.hpp" />
		<Unit filename="wrappers/searchattachmentoptions.pypp.cpp" />
		<Unit filename="wrappers/searchattachmentoptions.pypp.hpp" />
		<Unit filename="wrappers/searchcalendareventoptions.pypp.cpp" />
		<Unit filename="wrappers/searchcalendareventoptions.pypp.hpp" />
		<Unit filename="wrappers/searchfileoptions.pypp.cpp" />
		<Unit filename="wrappers/searchfileoptions.pypp.hpp" />
		<Unit filename="wrappers/searchinstanceoptions.pypp.cpp" />
		<Unit filename="wrappers/searchinstanceoptions.pypp.hpp" />
		<Unit filename="wrappers/searchmodeloptions.pypp.cpp" />
		<Unit filename="wrappers/searchmodeloptions.pypp.hpp" />
		<Unit filename="wrappers/searchpolloptionoptions.pypp.cpp" />
		<Unit filename="wrappers/searchpolloptionoptions.pypp.hpp" />
		<Unit filename="wrappers/searchpolloptions.pypp.cpp" />
		<Unit filename="wrappers/searchpolloptions.pypp.hpp" />
		<Unit filename="wrappers/searchpostoptions.pypp.cpp" />
		<Unit filename="wrappers/searchpostoptions.pypp.hpp" />
		<Unit filename="wrappers/searchquery.pypp.cpp" />
		<Unit filename="wrappers/searchquery.pypp.hpp" />
		<Unit filename="wrappers/searchqueryoptions.pypp.cpp" />
		<Unit filename="wrappers/searchqueryoptions.pypp.hpp" />
		<Unit filename="wrappers/searchresult.pypp.cpp" />
		<Unit filename="wrappers/searchresult.pypp.hpp" />
		<Unit filename="wrappers/searchresultsdatabase.pypp.cpp" />
		<Unit filename="wrappers/searchresultsdatabase.pypp.hpp" />
		<Unit filename="wrappers/searchresultslucene.pypp.cpp" />
		<Unit filename="wrappers/searchresultslucene.pypp.hpp" />
		<Unit filename="wrappers/searchsectionoptions.pypp.cpp" />
		<Unit filename="wrappers/searchsectionoptions.pypp.hpp" />
		<Unit filename="wrappers/searchtagoptions.pypp.cpp" />
		<Unit filename="wrappers/searchtagoptions.pypp.hpp" />
		<Unit filename="wrappers/searchtextoptions.pypp.cpp" />
		<Unit filename="wrappers/searchtextoptions.pypp.hpp" />
		<Unit filename="wrappers/stringlist.pypp.cpp" />
		<Unit filename="wrappers/stringlist.pypp.hpp" />
		<Unit filename="wrappers/stringmap.pypp.cpp" />
		<Unit filename="wrappers/stringmap.pypp.hpp" />
		<Unit filename="wrappers/stringvector.pypp.cpp" />
		<Unit filename="wrappers/stringvector.pypp.hpp" />
		<Unit filename="wrappers/textfile.pypp.cpp" />
		<Unit filename="wrappers/textfile.pypp.hpp" />
		<Unit filename="wrappers/thirdpartylibrariesreporter.pypp.cpp" />
		<Unit filename="wrappers/thirdpartylibrariesreporter.pypp.hpp" />
		<Unit filename="wrappers/thirdpartylibrariesreportersingleton.pypp.cpp" />
		<Unit filename="wrappers/thirdpartylibrariesreportersingleton.pypp.hpp" />
		<Unit filename="wrappers/thirdpartylibrary.pypp.cpp" />
		<Unit filename="wrappers/thirdpartylibrary.pypp.hpp" />
		<Unit filename="wrappers/uniqueid.pypp.cpp" />
		<Unit filename="wrappers/uniqueid.pypp.hpp" />
		<Unit filename="wrappers/version.pypp.cpp" />
		<Unit filename="wrappers/version.pypp.hpp" />
		<Unit filename="wrappers/xmlattribute.pypp.cpp" />
		<Unit filename="wrappers/xmlattribute.pypp.hpp" />
		<Unit filename="wrappers/xmlattributes.pypp.cpp" />
		<Unit filename="wrappers/xmlattributes.pypp.hpp" />
		<Unit filename="wrappers/xmldocument.pypp.cpp" />
		<Unit filename="wrappers/xmldocument.pypp.hpp" />
		<Unit filename="wrappers/xmlmanager.pypp.cpp" />
		<Unit filename="wrappers/xmlmanager.pypp.hpp" />
		<Unit filename="wrappers/xmlmanagersingleton.pypp.cpp" />
		<Unit filename="wrappers/xmlmanagersingleton.pypp.hpp" />
		<Unit filename="wrappers/xmlnode.pypp.cpp" />
		<Unit filename="wrappers/xmlnode.pypp.hpp" />
		<Unit filename="wrappers/xmlnodes.pypp.cpp" />
		<Unit filename="wrappers/xmlnodes.pypp.hpp" />
		<Unit filename="wrappers/xmlschema.pypp.cpp" />
		<Unit filename="wrappers/xmlschema.pypp.hpp" />
		<Unit filename="wrappers/xmlstylesheet.pypp.cpp" />
		<Unit filename="wrappers/xmlstylesheet.pypp.hpp" />
		<Unit filename="wrappers/xmlwriter.pypp.cpp" />
		<Unit filename="wrappers/xmlwriter.pypp.hpp" />
		<Extensions>
			<code_completion />
			<envvars />
			<lib_finder disable_auto="1" />
			<debugger />
		</Extensions>
	</Project>
</CodeBlocks_project_file>
