<?xml version="1.0" encoding="UTF-8" standalone="yes" ?>
<CodeBlocks_project_file>
	<FileVersion major="1" minor="6" />
	<Project>
		<Option title="Engine" />
		<Option pch_mode="2" />
		<Option compiler="gcc" />
		<Build>
			<Target title="debug linux-i386">
				<Option platforms="Unix;" />
				<Option output="../../bin/linux/i386/gcc/debug/libengine" prefix_auto="1" extension_auto="1" />
				<Option object_output="../../obj/linux/i386/gcc/engine/debug" />
				<Option type="3" />
				<Option compiler="gcc" />
				<Option createDefFile="1" />
				<Option createStaticLib="1" />
				<Compiler>
					<Add option="-g" />
					<Add option="-W" />
					<Add option="-D_DEBUG" />
					<Add option="-DOS_ENGINE_LIB" />
					<Add option="-DUNICODE" />
					<Add directory="../../dependencies/include/common" />
					<Add directory="../archives" />
					<Add directory="../core" />
					<Add directory="../xml" />
					<Add directory="../web" />
					<Add directory="../lang" />
					<Add directory="../net" />
					<Add directory="./" />
					<Add directory="../../dependencies/include/linux-i386" />
					<Add directory="../http" />
					<Add directory="../upnp" />
					<Add directory="../db" />
				</Compiler>
				<ResourceCompiler>
					<Add directory="../../dependencies/include/common" />
					<Add directory="../archives" />
					<Add directory="../core" />
					<Add directory="../xml" />
					<Add directory="../web" />
					<Add directory="../lang" />
					<Add directory="../net" />
					<Add directory="./" />
				</ResourceCompiler>
				<Linker>
					<Add option="-Wl,-z,defs,-rpath=./" />
					<Add option="-static-libstdc++" />
					<Add option="-static-libgcc" />
					<Add library="libarchives" />
					<Add library="libcore" />
					<Add library="liblang" />
					<Add library="libnet" />
					<Add library="libweb" />
					<Add library="libxml" />
					<Add library="libupnp" />
					<Add library="libdb" />
					<Add library="libpthread" />
					<Add library="libhttp" />
					<Add library="libclucene" />
					<Add library="libssl" />
					<Add library="libcrypto" />
					<Add directory="../../dependencies/lib/linux/i386/gcc/debug" />
					<Add directory="../../bin/linux/i386/gcc/debug" />
				</Linker>
			</Target>
			<Target title="release linux-i386">
				<Option platforms="Unix;" />
				<Option output="../../bin/linux/i386/gcc/release/libengine" prefix_auto="1" extension_auto="1" />
				<Option object_output="../../obj/linux/i386/gcc/engine/release" />
				<Option type="3" />
				<Option compiler="gcc" />
				<Option createDefFile="1" />
				<Option createStaticLib="1" />
				<Compiler>
					<Add option="-O2" />
					<Add option="-W" />
					<Add option="-DNDEBUG" />
					<Add option="-DOS_ENGINE_LIB" />
					<Add option="-DUNICODE" />
					<Add directory="../../dependencies/include/common" />
					<Add directory="../archives" />
					<Add directory="../core" />
					<Add directory="../xml" />
					<Add directory="../web" />
					<Add directory="../lang" />
					<Add directory="../net" />
					<Add directory="./" />
					<Add directory="../../dependencies/include/linux-i386" />
					<Add directory="../http" />
					<Add directory="../upnp" />
					<Add directory="../db" />
				</Compiler>
				<ResourceCompiler>
					<Add directory="../../dependencies/include/common" />
					<Add directory="../archives" />
					<Add directory="../core" />
					<Add directory="../xml" />
					<Add directory="../web" />
					<Add directory="../lang" />
					<Add directory="../net" />
					<Add directory="./" />
				</ResourceCompiler>
				<Linker>
					<Add option="-s" />
					<Add option="-Wl,-z,defs,-rpath=./" />
					<Add option="-static-libstdc++" />
					<Add option="-static-libgcc" />
					<Add library="libarchives" />
					<Add library="libcore" />
					<Add library="liblang" />
					<Add library="libnet" />
					<Add library="libweb" />
					<Add library="libxml" />
					<Add library="libupnp" />
					<Add library="libdb" />
					<Add library="libpthread" />
					<Add library="libhttp" />
					<Add library="libclucene" />
					<Add library="libssl" />
					<Add library="libcrypto" />
					<Add directory="../../dependencies/lib/linux/i386/gcc/release" />
					<Add directory="../../bin/linux/i386/gcc/release" />
				</Linker>
			</Target>
			<Target title="debug mac-x86_64">
				<Option platforms="Mac;" />
				<Option output="../../bin/macosx/x86_64/gcc/debug/Osiris.app/Contents/MacOS/libengine" prefix_auto="1" extension_auto="1" />
				<Option object_output="../../obj/macosx/x86_64/gcc/engine/debug" />
				<Option type="3" />
				<Option compiler="gcc" />
				<Option createDefFile="1" />
				<Option createStaticLib="1" />
				<Compiler>
					<Add option="-g" />
					<Add option="-W" />
					<Add option="-D_DEBUG" />
					<Add option="-DOS_ENGINE_LIB" />
					<Add option="-DUNICODE" />
					<Add directory="../../dependencies/include/common" />
					<Add directory="../archives" />
					<Add directory="../core" />
					<Add directory="../xml" />
					<Add directory="../web" />
					<Add directory="../lang" />
					<Add directory="../net" />
					<Add directory="./" />
					<Add directory="../../dependencies/include/mac-x86_64" />
					<Add directory="../http" />
					<Add directory="../upnp" />
					<Add directory="../db" />
				</Compiler>
				<ResourceCompiler>
					<Add directory="../../dependencies/include/common" />
					<Add directory="../archives" />
					<Add directory="../core" />
					<Add directory="../xml" />
					<Add directory="../web" />
					<Add directory="../lang" />
					<Add directory="../net" />
					<Add directory="./" />
				</ResourceCompiler>
				<Linker>
					<Add option="-dynamiclib" />
					<Add library="core" />
					<Add library="lang" />
					<Add library="net" />
					<Add library="web" />
					<Add library="xml" />
					<Add library="http" />
					<Add library="libcrypto" />
					<Add library="libclucene" />
					<Add library="libboost_date_time-xgcc42-mt-d-1_41" />
					<Add library="libssl" />
					<Add library="upnp" />
					<Add library="db" />
					<Add library="libarchives" />
					<Add directory="../../lib/macosx/x86_64/gcc/debug" />
					<Add directory="../../dependencies/lib/macosx/x86_64/gcc/debug" />
					<Add directory="../../bin/macosx/x86_64/gcc/debug/Osiris.app/Contents/MacOS" />
				</Linker>
				<ExtraCommands>
					<Add after="../postbuild_osx.sh $(TARGET_OUTPUT_BASENAME).dylib $(TARGET_OUTPUT_DIR)" />
				</ExtraCommands>
			</Target>
			<Target title="release mac-x86_64">
				<Option platforms="Mac;" />
				<Option output="../../bin/macosx/x86_64/gcc/release/Osiris.app/Contents/MacOS/libengine" prefix_auto="1" extension_auto="1" />
				<Option object_output="../../obj/macosx/x86_64/gcc/engine/release" />
				<Option type="3" />
				<Option compiler="gcc" />
				<Option createDefFile="1" />
				<Option createStaticLib="1" />
				<Compiler>
					<Add option="-O2" />
					<Add option="-W" />
					<Add option="-DNDEBUG" />
					<Add option="-DOS_ENGINE_LIB" />
					<Add option="-DUNICODE" />
					<Add directory="../../dependencies/include/common" />
					<Add directory="../archives" />
					<Add directory="../core" />
					<Add directory="../xml" />
					<Add directory="../web" />
					<Add directory="../lang" />
					<Add directory="../net" />
					<Add directory="./" />
					<Add directory="../../dependencies/include/mac-x86_64" />
					<Add directory="../http" />
					<Add directory="../upnp" />
					<Add directory="../db" />
				</Compiler>
				<ResourceCompiler>
					<Add directory="../../dependencies/include/common" />
					<Add directory="../archives" />
					<Add directory="../core" />
					<Add directory="../xml" />
					<Add directory="../web" />
					<Add directory="../lang" />
					<Add directory="../net" />
					<Add directory="./" />
				</ResourceCompiler>
				<Linker>
					<Add option="-s" />
					<Add option="-dynamiclib" />
					<Add library="core" />
					<Add library="lang" />
					<Add library="net" />
					<Add library="web" />
					<Add library="xml" />
					<Add library="http" />
					<Add library="libcrypto" />
					<Add library="libclucene" />
					<Add library="libboost_date_time-xgcc42-mt-1_41" />
					<Add library="libssl" />
					<Add library="libupnp" />
					<Add library="db" />
					<Add library="libarchives" />
					<Add directory="../../lib/macosx/x86_64/gcc/release" />
					<Add directory="../../dependencies/lib/macosx/x86_64/gcc/release" />
					<Add directory="../../bin/macosx/x86_64/gcc/release/Osiris.app/Contents/MacOS" />
				</Linker>
				<ExtraCommands>
					<Add after="../postbuild_osx.sh $(TARGET_OUTPUT_BASENAME).dylib $(TARGET_OUTPUT_DIR)" />
				</ExtraCommands>
			</Target>
			<Target title="debug linux-x86_64">
				<Option platforms="Unix;" />
				<Option output="../../bin/linux/x86_64/gcc/debug/libengine" prefix_auto="1" extension_auto="1" />
				<Option object_output="../../obj/linux/x86_64/gcc/engine/debug" />
				<Option type="3" />
				<Option compiler="gcc" />
				<Option createDefFile="1" />
				<Option createStaticLib="1" />
				<Compiler>
					<Add option="-W" />
					<Add option="-g" />
					<Add option="-fPIC" />
					<Add option="-D_DEBUG" />
					<Add option="-DOS_ENGINE_LIB" />
					<Add option="-DUNICODE" />
					<Add directory="../../dependencies/include/common" />
					<Add directory="../archives" />
					<Add directory="../core" />
					<Add directory="../xml" />
					<Add directory="../web" />
					<Add directory="../lang" />
					<Add directory="../net" />
					<Add directory="./" />
					<Add directory="../../dependencies/include/linux" />
					<Add directory="../http" />
					<Add directory="../upnp" />
					<Add directory="../db" />
				</Compiler>
				<ResourceCompiler>
					<Add directory="../../dependencies/include/common" />
					<Add directory="../archives" />
					<Add directory="../core" />
					<Add directory="../xml" />
					<Add directory="../web" />
					<Add directory="../lang" />
					<Add directory="../net" />
					<Add directory="./" />
				</ResourceCompiler>
				<Linker>
					<Add option="-Wl,-z,defs,-rpath=./" />
					<Add library="libarchives" />
					<Add library="libcore" />
					<Add library="liblang" />
					<Add library="libnet" />
					<Add library="libweb" />
					<Add library="libxml" />
					<Add library="libupnp" />
					<Add library="libdb" />
					<Add library="libpthread" />
					<Add library="libhttp" />
					<Add library="libclucene" />
					<Add library="libssl" />
					<Add library="libcrypto" />
					<Add directory="../../dependencies/lib/linux/x86_64/gcc/debug" />
					<Add directory="../../bin/linux/x86_64/gcc/debug" />
				</Linker>
			</Target>
			<Target title="release linux-x86_64">
				<Option platforms="Unix;" />
				<Option output="../../bin/linux/x86_64/gcc/release/libengine" prefix_auto="1" extension_auto="1" />
				<Option object_output="../../obj/linux/x86_64/gcc/engine/release" />
				<Option type="3" />
				<Option compiler="gcc" />
				<Option createDefFile="1" />
				<Option createStaticLib="1" />
				<Compiler>
					<Add option="-O2" />
					<Add option="-W" />
					<Add option="-fPIC" />
					<Add option="-DNDEBUG" />
					<Add option="-DOS_ENGINE_LIB" />
					<Add option="-DUNICODE" />
					<Add directory="../../dependencies/include/common" />
					<Add directory="../archives" />
					<Add directory="../core" />
					<Add directory="../xml" />
					<Add directory="../web" />
					<Add directory="../lang" />
					<Add directory="../net" />
					<Add directory="./" />
					<Add directory="../../dependencies/include/linux" />
					<Add directory="../http" />
					<Add directory="../upnp" />
					<Add directory="../db" />
				</Compiler>
				<ResourceCompiler>
					<Add directory="../../dependencies/include/common" />
					<Add directory="../archives" />
					<Add directory="../core" />
					<Add directory="../xml" />
					<Add directory="../web" />
					<Add directory="../lang" />
					<Add directory="../net" />
					<Add directory="./" />
				</ResourceCompiler>
				<Linker>
					<Add option="-s" />
					<Add option="-Wl,-z,defs,-rpath=./" />
					<Add library="libarchives" />
					<Add library="libcore" />
					<Add library="liblang" />
					<Add library="libnet" />
					<Add library="libweb" />
					<Add library="libxml" />
					<Add library="libupnp" />
					<Add library="libdb" />
					<Add library="libpthread" />
					<Add library="libhttp" />
					<Add library="libclucene" />
					<Add library="libssl" />
					<Add library="libcrypto" />
					<Add directory="../../dependencies/lib/linux/x86_64/gcc/release" />
					<Add directory="../../bin/linux/x86_64/gcc/release" />
				</Linker>
			</Target>
		</Build>
		<Unit filename="compatibilitymanager.cpp" />
		<Unit filename="compatibilitymanager.h" />
		<Unit filename="convert.cpp" />
		<Unit filename="convert.h" />
		<Unit filename="dataaccount.cpp" />
		<Unit filename="dataaccount.h" />
		<Unit filename="datadata.h" />
		<Unit filename="datadiscussionstats.cpp" />
		<Unit filename="datadiscussionstats.h" />
		<Unit filename="dataentry.cpp" />
		<Unit filename="dataentry.h" />
		<Unit filename="datainstancecache.cpp" />
		<Unit filename="datainstancecache.h" />
		<Unit filename="datairecord.cpp" />
		<Unit filename="datairecord.h" />
		<Unit filename="dataistatistics.cpp" />
		<Unit filename="dataistatistics.h" />
		<Unit filename="datalocalmessage.cpp" />
		<Unit filename="datalocalmessage.h" />
		<Unit filename="datapeer.cpp" />
		<Unit filename="datapeer.h" />
		<Unit filename="datapolloptionstats.cpp" />
		<Unit filename="datapolloptionstats.h" />
		<Unit filename="datapollstats.cpp" />
		<Unit filename="datapollstats.h" />
		<Unit filename="datasnapshotobject.cpp" />
		<Unit filename="datasnapshotobject.h" />
		<Unit filename="datasnapshotprofile.cpp" />
		<Unit filename="datasnapshotprofile.h" />
		<Unit filename="datasnapshotuser.cpp" />
		<Unit filename="datasnapshotuser.h" />
		<Unit filename="datauserstats.cpp" />
		<Unit filename="datauserstats.h" />
		<Unit filename="dbbinder.cpp" />
		<Unit filename="dbbinder.h" />
		<Unit filename="dbdatabasessystem.cpp" />
		<Unit filename="dbdatabasessystem.h" />
		<Unit filename="dbschemafield.cpp" />
		<Unit filename="dbschemafield.h" />
		<Unit filename="dbschemaindex.cpp" />
		<Unit filename="dbschemaindex.h" />
		<Unit filename="dbschemaindexfield.cpp" />
		<Unit filename="dbschemaindexfield.h" />
		<Unit filename="dbschemaschema.cpp" />
		<Unit filename="dbschemaschema.h" />
		<Unit filename="dbschematable.cpp" />
		<Unit filename="dbschematable.h" />
		<Unit filename="dbsqlactions.cpp" />
		<Unit filename="dbsqlactions.h" />
		<Unit filename="dbtables.cpp" />
		<Unit filename="dbtables.h" />
		<Unit filename="dbvalue.cpp" />
		<Unit filename="dbvalue.h" />
		<Unit filename="engine.cpp" />
		<Unit filename="engine.h" />
		<Unit filename="engineconfig.h" />
		<Unit filename="entitiesentities.h" />
		<Unit filename="entitiesentitiescache.cpp" />
		<Unit filename="entitiesentitiescache.h" />
		<Unit filename="entitiesentity.cpp" />
		<Unit filename="entitiesentity.h" />
		<Unit filename="entitiesentitychilds.cpp" />
		<Unit filename="entitiesentitychilds.h" />
		<Unit filename="entitiessnapshotmanager.cpp" />
		<Unit filename="entitiessnapshotmanager.h" />
		<Unit filename="entitiessnapshotoptions.cpp" />
		<Unit filename="entitiessnapshotoptions.h" />
		<Unit filename="entitiessnapshotprofile.cpp" />
		<Unit filename="entitiessnapshotprofile.h" />
		<Unit filename="entitiesstatisticscache.cpp" />
		<Unit filename="entitiesstatisticscache.h" />
		<Unit filename="extensionscomponentcontrol.cpp" />
		<Unit filename="extensionscomponentcontrol.h" />
		<Unit filename="extensionscomponenteditor.cpp" />
		<Unit filename="extensionscomponenteditor.h" />
		<Unit filename="extensionscomponentid.cpp" />
		<Unit filename="extensionscomponentid.h" />
		<Unit filename="extensionscomponentviewer.cpp" />
		<Unit filename="extensionscomponentviewer.h" />
		<Unit filename="extensionsextension.cpp" />
		<Unit filename="extensionsextension.h" />
		<Unit filename="extensionsextensions.h" />
		<Unit filename="extensionsinvalidcomponent.cpp" />
		<Unit filename="extensionsinvalidcomponent.h" />
		<Unit filename="extensionsinvalidmodule.cpp" />
		<Unit filename="extensionsinvalidmodule.h" />
		<Unit filename="extensionsmodulecontrol.cpp" />
		<Unit filename="extensionsmodulecontrol.h" />
		<Unit filename="extensionsmoduleeditor.cpp" />
		<Unit filename="extensionsmoduleeditor.h" />
		<Unit filename="extensionsmoduleid.cpp" />
		<Unit filename="extensionsmoduleid.h" />
		<Unit filename="extensionsmoduleviewer.cpp" />
		<Unit filename="extensionsmoduleviewer.h" />
		<Unit filename="extensionsmoduleviewerhidden.cpp" />
		<Unit filename="extensionsmoduleviewerhidden.h" />
		<Unit filename="extensionssystem.cpp" />
		<Unit filename="extensionssystem.h" />
		<Unit filename="iapplication.cpp" />
		<Unit filename="iapplication.h" />
		<Unit filename="ibackgroundjob.cpp" />
		<Unit filename="ibackgroundjob.h" />
		<Unit filename="id.cpp" />
		<Unit filename="id.h" />
		<Unit filename="ideassistant.cpp" />
		<Unit filename="ideassistant.h" />
		<Unit filename="ideblock.cpp" />
		<Unit filename="ideblock.h" />
		<Unit filename="idebooleanpicker.cpp" />
		<Unit filename="idebooleanpicker.h" />
		<Unit filename="idebutton.cpp" />
		<Unit filename="idebutton.h" />
		<Unit filename="idecontrol.h" />
		<Unit filename="ideculturepicker.cpp" />
		<Unit filename="ideculturepicker.h" />
		<Unit filename="idedatetimepicker.cpp" />
		<Unit filename="idedatetimepicker.h" />
		<Unit filename="idedatetimespecialpicker.cpp" />
		<Unit filename="idedatetimespecialpicker.h" />
		<Unit filename="idedebuginfo.cpp" />
		<Unit filename="idedebuginfo.h" />
		<Unit filename="ideeditattachmenteditor.cpp" />
		<Unit filename="ideeditattachmenteditor.h" />
		<Unit filename="ideeditcalendareventeditor.cpp" />
		<Unit filename="ideeditcalendareventeditor.h" />
		<Unit filename="ideeditfileeditor.cpp" />
		<Unit filename="ideeditfileeditor.h" />
		<Unit filename="ideeditinstanceeditor.cpp" />
		<Unit filename="ideeditinstanceeditor.h" />
		<Unit filename="ideeditiobjecteditor.cpp" />
		<Unit filename="ideeditiobjecteditor.h" />
		<Unit filename="ideeditmodeleditor.cpp" />
		<Unit filename="ideeditmodeleditor.h" />
		<Unit filename="ideeditpolleditor.cpp" />
		<Unit filename="ideeditpolleditor.h" />
		<Unit filename="ideeditpolloptioneditor.cpp" />
		<Unit filename="ideeditpolloptioneditor.h" />
		<Unit filename="ideeditposteditor.cpp" />
		<Unit filename="ideeditposteditor.h" />
		<Unit filename="ideeditsectioneditor.cpp" />
		<Unit filename="ideeditsectioneditor.h" />
		<Unit filename="ideedittageditor.cpp" />
		<Unit filename="ideedittageditor.h" />
		<Unit filename="ideedittexteditor.cpp" />
		<Unit filename="ideedittexteditor.h" />
		<Unit filename="idefunctionsfunctions.cpp" />
		<Unit filename="idefunctionsfunctions.h" />
		<Unit filename="idehelpbox.cpp" />
		<Unit filename="idehelpbox.h" />
		<Unit filename="ideide.cpp" />
		<Unit filename="ideide.h" />
		<Unit filename="ideidesystem.cpp" />
		<Unit filename="ideidesystem.h" />
		<Unit filename="idemailbox.cpp" />
		<Unit filename="idemailbox.h" />
		<Unit filename="idemainaccounts.cpp" />
		<Unit filename="idemainaccounts.h" />
		<Unit filename="idemainexport.cpp" />
		<Unit filename="idemainexport.h" />
		<Unit filename="idemainimport.cpp" />
		<Unit filename="idemainimport.h" />
		<Unit filename="idemainisis.cpp" />
		<Unit filename="idemainisis.h" />
		<Unit filename="idemainjobdetail.cpp" />
		<Unit filename="idemainjobdetail.h" />
		<Unit filename="idemainjobs.cpp" />
		<Unit filename="idemainjobs.h" />
		<Unit filename="idemainmaintenance.cpp" />
		<Unit filename="idemainmaintenance.h" />
		<Unit filename="idemainoptions.cpp" />
		<Unit filename="idemainoptions.h" />
		<Unit filename="idemainresources.cpp" />
		<Unit filename="idemainresources.h" />
		<Unit filename="idemainsettings.cpp" />
		<Unit filename="idemainsettings.h" />
		<Unit filename="idemainsubscribe.cpp" />
		<Unit filename="idemainsubscribe.h" />
		<Unit filename="ideobjectpicker.cpp" />
		<Unit filename="ideobjectpicker.h" />
		<Unit filename="ideomleditor.cpp" />
		<Unit filename="ideomleditor.h" />
		<Unit filename="idepages.h" />
		<Unit filename="idepathway.cpp" />
		<Unit filename="idepathway.h" />
		<Unit filename="ideportalaccount.cpp" />
		<Unit filename="ideportalaccount.h" />
		<Unit filename="ideportalassistant.cpp" />
		<Unit filename="ideportalassistant.h" />
		<Unit filename="ideportalcontrol.h" />
		<Unit filename="ideportaledit.cpp" />
		<Unit filename="ideportaledit.h" />
		<Unit filename="ideportalobjectdetail.cpp" />
		<Unit filename="ideportalobjectdetail.h" />
		<Unit filename="ideportalsearch.cpp" />
		<Unit filename="ideportalsearch.h" />
		<Unit filename="ideportaluser.cpp" />
		<Unit filename="ideportaluser.h" />
		<Unit filename="ideportalusers.cpp" />
		<Unit filename="ideportalusers.h" />
		<Unit filename="ideportalview.cpp" />
		<Unit filename="ideportalview.h" />
		<Unit filename="idepositioneditor.cpp" />
		<Unit filename="idepositioneditor.h" />
		<Unit filename="idesearchglobalparams.cpp" />
		<Unit filename="idesearchglobalparams.h" />
		<Unit filename="idesearchparam.cpp" />
		<Unit filename="idesearchparam.h" />
		<Unit filename="idesearchquery.cpp" />
		<Unit filename="idesearchquery.h" />
		<Unit filename="idesearchresults.cpp" />
		<Unit filename="idesearchresults.h" />
		<Unit filename="ideskin.cpp" />
		<Unit filename="ideskin.h" />
		<Unit filename="ideskinpicker.cpp" />
		<Unit filename="ideskinpicker.h" />
		<Unit filename="ideskinsimple.cpp" />
		<Unit filename="ideskinsimple.h" />
		<Unit filename="idetablequery.cpp" />
		<Unit filename="idetablequery.h" />
		<Unit filename="ideutils.cpp" />
		<Unit filename="ideutils.h" />
		<Unit filename="ideviewattachmentviewer.cpp" />
		<Unit filename="ideviewattachmentviewer.h" />
		<Unit filename="ideviewcalendareventviewer.cpp" />
		<Unit filename="ideviewcalendareventviewer.h" />
		<Unit filename="ideviewcommentableobjectviewer.cpp" />
		<Unit filename="ideviewcommentableobjectviewer.h" />
		<Unit filename="ideviewfileviewer.cpp" />
		<Unit filename="ideviewfileviewer.h" />
		<Unit filename="ideviewinstanceviewer.cpp" />
		<Unit filename="ideviewinstanceviewer.h" />
		<Unit filename="ideviewiobjectviewer.cpp" />
		<Unit filename="ideviewiobjectviewer.h" />
		<Unit filename="ideviewmodelviewer.cpp" />
		<Unit filename="ideviewmodelviewer.h" />
		<Unit filename="ideviewpolloptionviewer.cpp" />
		<Unit filename="ideviewpolloptionviewer.h" />
		<Unit filename="ideviewpollviewer.cpp" />
		<Unit filename="ideviewpollviewer.h" />
		<Unit filename="ideviewpostviewer.cpp" />
		<Unit filename="ideviewpostviewer.h" />
		<Unit filename="ideviewsectionviewer.cpp" />
		<Unit filename="ideviewsectionviewer.h" />
		<Unit filename="ideviewtagviewer.cpp" />
		<Unit filename="ideviewtagviewer.h" />
		<Unit filename="ideviewtextviewer.cpp" />
		<Unit filename="ideviewtextviewer.h" />
		<Unit filename="idevoteeditor.cpp" />
		<Unit filename="idevoteeditor.h" />
		<Unit filename="idexslresolver.cpp" />
		<Unit filename="idexslresolver.h" />
		<Unit filename="iextensionscodecontext.cpp" />
		<Unit filename="iextensionscodecontext.h" />
		<Unit filename="iextensionscodeprovider.cpp" />
		<Unit filename="iextensionscodeprovider.h" />
		<Unit filename="iextensionscomponent.cpp" />
		<Unit filename="iextensionscomponent.h" />
		<Unit filename="iextensionsextension.cpp" />
		<Unit filename="iextensionsextension.h" />
		<Unit filename="iextensionsmodule.cpp" />
		<Unit filename="iextensionsmodule.h" />
		<Unit filename="iidemainpage.cpp" />
		<Unit filename="iidemainpage.h" />
		<Unit filename="iidepage.cpp" />
		<Unit filename="iidepage.h" />
		<Unit filename="iidepageable.cpp" />
		<Unit filename="iidepageable.h" />
		<Unit filename="iideportalpage.cpp" />
		<Unit filename="iideportalpage.h" />
		<Unit filename="iidexslrenderer.h" />
		<Unit filename="iomlcode.cpp" />
		<Unit filename="iomlcode.h" />
		<Unit filename="iomlxsl.cpp" />
		<Unit filename="iomlxsl.h" />
		<Unit filename="iportalbackgroundjob.cpp" />
		<Unit filename="iportalbackgroundjob.h" />
		<Unit filename="iportaldatabase.cpp" />
		<Unit filename="iportaldatabase.h" />
		<Unit filename="isearchoptions.cpp" />
		<Unit filename="isearchoptions.h" />
		<Unit filename="isearchresults.cpp" />
		<Unit filename="isearchresults.h" />
		<Unit filename="isis.h" />
		<Unit filename="isisconnection.cpp" />
		<Unit filename="isisconnection.h" />
		<Unit filename="isisconnectionstatus.cpp" />
		<Unit filename="isisconnectionstatus.h" />
		<Unit filename="isisendpoint.cpp" />
		<Unit filename="isisendpoint.h" />
		<Unit filename="isisservice.cpp" />
		<Unit filename="isisservice.h" />
		<Unit filename="isissystem.cpp" />
		<Unit filename="isissystem.h" />
		<Unit filename="isystem.cpp" />
		<Unit filename="isystem.h" />
		<Unit filename="lucene.h" />
		<Unit filename="mainaddonsjob.cpp" />
		<Unit filename="mainaddonsjob.h" />
		<Unit filename="notificationsmanager.cpp" />
		<Unit filename="notificationsmanager.h" />
		<Unit filename="objectsattachment.cpp" />
		<Unit filename="objectsattachment.h" />
		<Unit filename="objectsattribute.cpp" />
		<Unit filename="objectsattribute.h" />
		<Unit filename="objectsavatar.cpp" />
		<Unit filename="objectsavatar.h" />
		<Unit filename="objectscalendarevent.cpp" />
		<Unit filename="objectscalendarevent.h" />
		<Unit filename="objectsdescriptor.cpp" />
		<Unit filename="objectsdescriptor.h" />
		<Unit filename="objectsdescriptorclass.cpp" />
		<Unit filename="objectsdescriptorclass.h" />
		<Unit filename="objectsfile.cpp" />
		<Unit filename="objectsfile.h" />
		<Unit filename="objectsicommentable.cpp" />
		<Unit filename="objectsicommentable.h" />
		<Unit filename="objectsientity.cpp" />
		<Unit filename="objectsientity.h" />
		<Unit filename="objectsinstance.cpp" />
		<Unit filename="objectsinstance.h" />
		<Unit filename="objectsiobject.cpp" />
		<Unit filename="objectsiobject.h" />
		<Unit filename="objectsirevisionable.cpp" />
		<Unit filename="objectsirevisionable.h" />
		<Unit filename="objectsmessage.cpp" />
		<Unit filename="objectsmessage.h" />
		<Unit filename="objectsmodel.cpp" />
		<Unit filename="objectsmodel.h" />
		<Unit filename="objectsobjectid.cpp" />
		<Unit filename="objectsobjectid.h" />
		<Unit filename="objectsobjects.h" />
		<Unit filename="objectsobjectscache.cpp" />
		<Unit filename="objectsobjectscache.h" />
		<Unit filename="objectsobjectssystem.cpp" />
		<Unit filename="objectsobjectssystem.h" />
		<Unit filename="objectspoll.cpp" />
		<Unit filename="objectspoll.h" />
		<Unit filename="objectspolloption.cpp" />
		<Unit filename="objectspolloption.h" />
		<Unit filename="objectspollvote.cpp" />
		<Unit filename="objectspollvote.h" />
		<Unit filename="objectspost.cpp" />
		<Unit filename="objectspost.h" />
		<Unit filename="objectsprivatemessage.cpp" />
		<Unit filename="objectsprivatemessage.h" />
		<Unit filename="objectsreputation.cpp" />
		<Unit filename="objectsreputation.h" />
		<Unit filename="objectssection.cpp" />
		<Unit filename="objectssection.h" />
		<Unit filename="objectssigner.cpp" />
		<Unit filename="objectssigner.h" />
		<Unit filename="objectstag.cpp" />
		<Unit filename="objectstag.h" />
		<Unit filename="objectstext.cpp" />
		<Unit filename="objectstext.h" />
		<Unit filename="objectsuser.cpp" />
		<Unit filename="objectsuser.h" />
		<Unit filename="objectsvote.cpp" />
		<Unit filename="objectsvote.h" />
		<Unit filename="omla.cpp" />
		<Unit filename="omla.h" />
		<Unit filename="omlanchor.cpp" />
		<Unit filename="omlanchor.h" />
		<Unit filename="omlcode.cpp" />
		<Unit filename="omlcode.h" />
		<Unit filename="omlcontext.cpp" />
		<Unit filename="omlcontext.h" />
		<Unit filename="omldate.cpp" />
		<Unit filename="omldate.h" />
		<Unit filename="omldebug.cpp" />
		<Unit filename="omldebug.h" />
		<Unit filename="omlemail.cpp" />
		<Unit filename="omlemail.h" />
		<Unit filename="omlemoticon.cpp" />
		<Unit filename="omlemoticon.h" />
		<Unit filename="omlgoto.cpp" />
		<Unit filename="omlgoto.h" />
		<Unit filename="omlhtml.cpp" />
		<Unit filename="omlhtml.h" />
		<Unit filename="omlhtmlwrapper.cpp" />
		<Unit filename="omlhtmlwrapper.h" />
		<Unit filename="omlimg.cpp" />
		<Unit filename="omlimg.h" />
		<Unit filename="omlitem.cpp" />
		<Unit filename="omlitem.h" />
		<Unit filename="omllang.cpp" />
		<Unit filename="omllang.h" />
		<Unit filename="omlless.cpp" />
		<Unit filename="omlless.h" />
		<Unit filename="omllist.cpp" />
		<Unit filename="omllist.h" />
		<Unit filename="omlmanager.cpp" />
		<Unit filename="omlmanager.h" />
		<Unit filename="omlmore.cpp" />
		<Unit filename="omlmore.h" />
		<Unit filename="omlnobr.cpp" />
		<Unit filename="omlnobr.h" />
		<Unit filename="omlnoparse.cpp" />
		<Unit filename="omlnoparse.h" />
		<Unit filename="omlobject.cpp" />
		<Unit filename="omlobject.h" />
		<Unit filename="omlpopup.cpp" />
		<Unit filename="omlpopup.h" />
		<Unit filename="omlquote.cpp" />
		<Unit filename="omlquote.h" />
		<Unit filename="omlreplace.cpp" />
		<Unit filename="omlreplace.h" />
		<Unit filename="omlsize.cpp" />
		<Unit filename="omlsize.h" />
		<Unit filename="omlsystem.cpp" />
		<Unit filename="omlsystem.h" />
		<Unit filename="omltab.cpp" />
		<Unit filename="omltab.h" />
		<Unit filename="omltext.cpp" />
		<Unit filename="omltext.h" />
		<Unit filename="omlurl.cpp" />
		<Unit filename="omlurl.h" />
		<Unit filename="omluser.cpp" />
		<Unit filename="omluser.h" />
		<Unit filename="omlview.cpp" />
		<Unit filename="omlview.h" />
		<Unit filename="options.cpp" />
		<Unit filename="options.h" />
		<Unit filename="osiris.cpp" />
		<Unit filename="osiriscommon.h" />
		<Unit filename="osirislink.cpp" />
		<Unit filename="osirislink.h" />
		<Unit filename="osirisplugins.h" />
		<Unit filename="osirissdk.h" />
		<Unit filename="p2pclient.cpp" />
		<Unit filename="p2pclient.h" />
		<Unit filename="p2pconnection.cpp" />
		<Unit filename="p2pconnection.h" />
		<Unit filename="p2pexchangecontext.cpp" />
		<Unit filename="p2pexchangecontext.h" />
		<Unit filename="p2pexchangesession.cpp" />
		<Unit filename="p2pexchangesession.h" />
		<Unit filename="p2pimachine.cpp" />
		<Unit filename="p2pimachine.h" />
		<Unit filename="p2pkeyscache.cpp" />
		<Unit filename="p2pkeyscache.h" />
		<Unit filename="p2plocalmachine.cpp" />
		<Unit filename="p2plocalmachine.h" />
		<Unit filename="p2pmachine.cpp" />
		<Unit filename="p2pmachine.h" />
		<Unit filename="p2pmachinescache.cpp" />
		<Unit filename="p2pmachinescache.h" />
		<Unit filename="p2pnodesession.cpp" />
		<Unit filename="p2pnodesession.h" />
		<Unit filename="p2pnodestatus.cpp" />
		<Unit filename="p2pnodestatus.h" />
		<Unit filename="p2pp2p.h" />
		<Unit filename="p2pp2psystem.cpp" />
		<Unit filename="p2pp2psystem.h" />
		<Unit filename="p2ppacketsauthenticationrequest.cpp" />
		<Unit filename="p2ppacketsauthenticationrequest.h" />
		<Unit filename="p2ppacketsauthenticationresponse.cpp" />
		<Unit filename="p2ppacketsauthenticationresponse.h" />
		<Unit filename="p2ppacketsbusy.cpp" />
		<Unit filename="p2ppacketsbusy.h" />
		<Unit filename="p2ppacketserror.cpp" />
		<Unit filename="p2ppacketserror.h" />
		<Unit filename="p2ppacketshello.cpp" />
		<Unit filename="p2ppacketshello.h" />
		<Unit filename="p2ppacketsipacket.cpp" />
		<Unit filename="p2ppacketsipacket.h" />
		<Unit filename="p2ppacketsobjectsrequest.cpp" />
		<Unit filename="p2ppacketsobjectsrequest.h" />
		<Unit filename="p2ppacketsobjectsresponse.cpp" />
		<Unit filename="p2ppacketsobjectsresponse.h" />
		<Unit filename="p2ppacketspackets.h" />
		<Unit filename="p2ppacketsportalrequest.cpp" />
		<Unit filename="p2ppacketsportalrequest.h" />
		<Unit filename="p2ppacketsportalresponse.cpp" />
		<Unit filename="p2ppacketsportalresponse.h" />
		<Unit filename="p2ppacketsqueryrequest.cpp" />
		<Unit filename="p2ppacketsqueryrequest.h" />
		<Unit filename="p2ppacketsqueryresponse.cpp" />
		<Unit filename="p2ppacketsqueryresponse.h" />
		<Unit filename="p2ppacketsterminate.cpp" />
		<Unit filename="p2ppacketsterminate.h" />
		<Unit filename="p2prequest.cpp" />
		<Unit filename="p2prequest.h" />
		<Unit filename="p2pserver.cpp" />
		<Unit filename="p2pserver.h" />
		<Unit filename="p2psession.cpp" />
		<Unit filename="p2psession.h" />
		<Unit filename="plugin.cpp" />
		<Unit filename="plugin.h" />
		<Unit filename="pluginmodule.cpp" />
		<Unit filename="pluginmodule.h" />
		<Unit filename="pluginsmanager.cpp" />
		<Unit filename="pluginsmanager.h" />
		<Unit filename="portaldatabasescache.cpp" />
		<Unit filename="portaldatabasescache.h" />
		<Unit filename="portalsaccount.cpp" />
		<Unit filename="portalsaccount.h" />
		<Unit filename="portalsaccountsmanager.cpp" />
		<Unit filename="portalsaccountsmanager.h" />
		<Unit filename="portalserializer.cpp" />
		<Unit filename="portalserializer.h" />
		<Unit filename="portalsexporterjob.cpp" />
		<Unit filename="portalsexporterjob.h" />
		<Unit filename="portalsimporterjob.cpp" />
		<Unit filename="portalsimporterjob.h" />
		<Unit filename="portalsiportalslistener.cpp" />
		<Unit filename="portalsiportalslistener.h" />
		<Unit filename="portalsloggeduser.cpp" />
		<Unit filename="portalsloggeduser.h" />
		<Unit filename="portalsmaindirectory.cpp" />
		<Unit filename="portalsmaindirectory.h" />
		<Unit filename="portalsmessenger.cpp" />
		<Unit filename="portalsmessenger.h" />
		<Unit filename="portalsoptimizerjob.cpp" />
		<Unit filename="portalsoptimizerjob.h" />
		<Unit filename="portalspeer.cpp" />
		<Unit filename="portalspeer.h" />
		<Unit filename="portalspeersmanager.cpp" />
		<Unit filename="portalspeersmanager.h" />
		<Unit filename="portalsportal.cpp" />
		<Unit filename="portalsportal.h" />
		<Unit filename="portalsportalid.cpp" />
		<Unit filename="portalsportalid.h" />
		<Unit filename="portalsportaloptions.cpp" />
		<Unit filename="portalsportaloptions.h" />
		<Unit filename="portalsportalprocessor.cpp" />
		<Unit filename="portalsportalprocessor.h" />
		<Unit filename="portalsportals.h" />
		<Unit filename="portalsportalsdirectory.cpp" />
		<Unit filename="portalsportalsdirectory.h" />
		<Unit filename="portalsportalsessionstate.cpp" />
		<Unit filename="portalsportalsessionstate.h" />
		<Unit filename="portalsportalssystem.cpp" />
		<Unit filename="portalsportalssystem.h" />
		<Unit filename="portalsprofile.cpp" />
		<Unit filename="portalsprofile.h" />
		<Unit filename="portalsprofilescache.cpp" />
		<Unit filename="portalsprofilescache.h" />
		<Unit filename="portalsstabilityjob.cpp" />
		<Unit filename="portalsstabilityjob.h" />
		<Unit filename="portaltransaction.cpp" />
		<Unit filename="portaltransaction.h" />
		<Unit filename="reputationsfeedback.cpp" />
		<Unit filename="reputationsfeedback.h" />
		<Unit filename="reputationsmanager.cpp" />
		<Unit filename="reputationsmanager.h" />
		<Unit filename="reputationsreputations.h" />
		<Unit filename="reputationsscore.cpp" />
		<Unit filename="reputationsscore.h" />
		<Unit filename="searchattachmentoptions.cpp" />
		<Unit filename="searchattachmentoptions.h" />
		<Unit filename="searchcalendareventoptions.cpp" />
		<Unit filename="searchcalendareventoptions.h" />
		<Unit filename="searchfileoptions.cpp" />
		<Unit filename="searchfileoptions.h" />
		<Unit filename="searchinstanceoptions.cpp" />
		<Unit filename="searchinstanceoptions.h" />
		<Unit filename="searchmodeloptions.cpp" />
		<Unit filename="searchmodeloptions.h" />
		<Unit filename="searchpolloptionoptions.cpp" />
		<Unit filename="searchpolloptionoptions.h" />
		<Unit filename="searchpolloptions.cpp" />
		<Unit filename="searchpolloptions.h" />
		<Unit filename="searchpostoptions.cpp" />
		<Unit filename="searchpostoptions.h" />
		<Unit filename="searchquery.cpp" />
		<Unit filename="searchquery.h" />
		<Unit filename="searchresult.cpp" />
		<Unit filename="searchresult.h" />
		<Unit filename="searchresultsdatabase.cpp" />
		<Unit filename="searchresultsdatabase.h" />
		<Unit filename="searchresultslucene.cpp" />
		<Unit filename="searchresultslucene.h" />
		<Unit filename="searchsearch.h" />
		<Unit filename="searchsectionoptions.cpp" />
		<Unit filename="searchsectionoptions.h" />
		<Unit filename="searchtagoptions.cpp" />
		<Unit filename="searchtagoptions.h" />
		<Unit filename="searchtextoptions.cpp" />
		<Unit filename="searchtextoptions.h" />
		<Unit filename="stdafx.cpp" />
		<Unit filename="stdafx.h" />
		<Unit filename="xmlexporter.cpp" />
		<Unit filename="xmlexporter.h" />
		<Unit filename="xmloptions.cpp" />
		<Unit filename="xmloptions.h" />
		<Unit filename="xmlportalexporter.cpp" />
		<Unit filename="xmlportalexporter.h" />
		<Extensions>
			<code_completion />
			<envvars />
			<debugger />
		</Extensions>
	</Project>
</CodeBlocks_project_file>
