<?xml version="1.0" encoding="utf-8"?>
<Project ToolsVersion="4.0" xmlns="http://schemas.microsoft.com/developer/msbuild/2003">
  <ItemGroup>
    <Filter Include="Source Files">
      <UniqueIdentifier>{4FC737F1-C7A5-4376-A066-2A32D752A2FF}</UniqueIdentifier>
      <Extensions>cpp;c;cxx;def;odl;idl;hpj;bat;asm;asmx</Extensions>
    </Filter>
    <Filter Include="Header Files">
      <UniqueIdentifier>{93995380-89BD-4b04-88EB-625FBE52EBFB}</UniqueIdentifier>
      <Extensions>h;hpp;hxx;hm;inl;inc;xsd</Extensions>
    </Filter>
  </ItemGroup>
  <ItemGroup>
    <ClCompile Include="bandwidth.cpp">
      <Filter>Source Files</Filter>
    </ClCompile>
    <ClCompile Include="bandwidthmanager.cpp">
      <Filter>Source Files</Filter>
    </ClCompile>
    <ClCompile Include="boostasio.cpp">
      <Filter>Source Files</Filter>
    </ClCompile>
    <ClCompile Include="boostasio_ssl.cpp">
      <Filter>Source Files</Filter>
    </ClCompile>
    <ClCompile Include="connectionscope.cpp">
      <Filter>Source Files</Filter>
    </ClCompile>
    <ClCompile Include="connectionsmanager.cpp">
      <Filter>Source Files</Filter>
    </ClCompile>
    <ClCompile Include="connectionstatus.cpp">
      <Filter>Source Files</Filter>
    </ClCompile>
    <ClCompile Include="connectionstatusguard.cpp">
      <Filter>Source Files</Filter>
    </ClCompile>
    <ClCompile Include="iconnection.cpp">
      <Filter>Source Files</Filter>
    </ClCompile>
    <ClCompile Include="ipaddress.cpp">
      <Filter>Source Files</Filter>
    </ClCompile>
    <ClCompile Include="iserver.cpp">
      <Filter>Source Files</Filter>
    </ClCompile>
    <ClCompile Include="isocketlayer.cpp">
      <Filter>Source Files</Filter>
    </ClCompile>
    <ClCompile Include="limitedconnection.cpp">
      <Filter>Source Files</Filter>
    </ClCompile>
    <ClCompile Include="net.cpp">
      <Filter>Source Files</Filter>
    </ClCompile>
    <ClCompile Include="networkservice.cpp">
      <Filter>Source Files</Filter>
    </ClCompile>
    <ClCompile Include="networksystem.cpp">
      <Filter>Source Files</Filter>
    </ClCompile>
    <ClCompile Include="ntpclient.cpp">
      <Filter>Source Files</Filter>
    </ClCompile>
    <ClCompile Include="ntptime.cpp">
      <Filter>Source Files</Filter>
    </ClCompile>
    <ClCompile Include="stdafx.cpp">
      <Filter>Source Files</Filter>
    </ClCompile>
    <ClCompile Include="tcpsocket.cpp">
      <Filter>Source Files</Filter>
    </ClCompile>
    <ClCompile Include="udpsocket.cpp">
      <Filter>Source Files</Filter>
    </ClCompile>
  </ItemGroup>
  <ItemGroup>
    <ClInclude Include="bandwidth.h">
      <Filter>Header Files</Filter>
    </ClInclude>
    <ClInclude Include="bandwidthmanager.h">
      <Filter>Header Files</Filter>
    </ClInclude>
    <ClInclude Include="boostasio.h">
      <Filter>Header Files</Filter>
    </ClInclude>
    <ClInclude Include="boostasio_fwd.h">
      <Filter>Header Files</Filter>
    </ClInclude>
    <ClInclude Include="boostasio_ssl.h">
      <Filter>Header Files</Filter>
    </ClInclude>
    <ClInclude Include="connectionscope.h">
      <Filter>Header Files</Filter>
    </ClInclude>
    <ClInclude Include="connectionsmanager.h">
      <Filter>Header Files</Filter>
    </ClInclude>
    <ClInclude Include="connectionstatus.h">
      <Filter>Header Files</Filter>
    </ClInclude>
    <ClInclude Include="connectionstatusguard.h">
      <Filter>Header Files</Filter>
    </ClInclude>
    <ClInclude Include="iconnection.h">
      <Filter>Header Files</Filter>
    </ClInclude>
    <ClInclude Include="ipaddress.h">
      <Filter>Header Files</Filter>
    </ClInclude>
    <ClInclude Include="iserver.h">
      <Filter>Header Files</Filter>
    </ClInclude>
    <ClInclude Include="isocketlayer.h">
      <Filter>Header Files</Filter>
    </ClInclude>
    <ClInclude Include="isocketproxy.h">
      <Filter>Header Files</Filter>
    </ClInclude>
    <ClInclude Include="limitedconnection.h">
      <Filter>Header Files</Filter>
    </ClInclude>
    <ClInclude Include="netconfig.h">
      <Filter>Header Files</Filter>
    </ClInclude>
    <ClInclude Include="networkservice.h">
      <Filter>Header Files</Filter>
    </ClInclude>
    <ClInclude Include="networksystem.h">
      <Filter>Header Files</Filter>
    </ClInclude>
    <ClInclude Include="ntp.h">
      <Filter>Header Files</Filter>
    </ClInclude>
    <ClInclude Include="ntpclient.h">
      <Filter>Header Files</Filter>
    </ClInclude>
    <ClInclude Include="ntptime.h">
      <Filter>Header Files</Filter>
    </ClInclude>
    <ClInclude Include="socket.h">
      <Filter>Header Files</Filter>
    </ClInclude>
    <ClInclude Include="socks5socketproxy.h">
      <Filter>Header Files</Filter>
    </ClInclude>
    <ClInclude Include="stdafx.h">
      <Filter>Header Files</Filter>
    </ClInclude>
    <ClInclude Include="tcpsocket.h">
      <Filter>Header Files</Filter>
    </ClInclude>
    <ClInclude Include="udpsocket.h">
      <Filter>Header Files</Filter>
    </ClInclude>
  </ItemGroup>
</Project>