<?xml version="1.0" encoding="utf-8"?>
<Project ToolsVersion="4.0" xmlns="http://schemas.microsoft.com/developer/msbuild/2003">
  <ItemGroup>
    <Filter Include="Source Files">
      <UniqueIdentifier>{4FC737F1-C7A5-4376-A066-2A32D752A2FF}</UniqueIdentifier>
      <Extensions>cpp;c;cxx;def;odl;idl;hpj;bat;asm;asmx</Extensions>
    </Filter>
    <Filter Include="Header Files">
      <UniqueIdentifier>{93995380-89BD-4b04-88EB-625FBE52EBFB}</UniqueIdentifier>
      <Extensions>h;hpp;hxx;hm;inl;inc;xsd</Extensions>
    </Filter>
  </ItemGroup>
  <ItemGroup>
    <ClCompile Include="db.cpp">
      <Filter>Source Files</Filter>
    </ClCompile>
    <ClCompile Include="dbsqlcondition.cpp">
      <Filter>Source Files</Filter>
    </ClCompile>
    <ClCompile Include="dbsqldelete.cpp">
      <Filter>Source Files</Filter>
    </ClCompile>
    <ClCompile Include="dbsqlfield.cpp">
      <Filter>Source Files</Filter>
    </ClCompile>
    <ClCompile Include="dbsqlgroupby.cpp">
      <Filter>Source Files</Filter>
    </ClCompile>
    <ClCompile Include="dbsqlicommand.cpp">
      <Filter>Source Files</Filter>
    </ClCompile>
    <ClCompile Include="dbsqlinsert.cpp">
      <Filter>Source Files</Filter>
    </ClCompile>
    <ClCompile Include="dbsqllimit.cpp">
      <Filter>Source Files</Filter>
    </ClCompile>
    <ClCompile Include="dbsqlorderby.cpp">
      <Filter>Source Files</Filter>
    </ClCompile>
    <ClCompile Include="dbsqlselect.cpp">
      <Filter>Source Files</Filter>
    </ClCompile>
    <ClCompile Include="dbsqltable.cpp">
      <Filter>Source Files</Filter>
    </ClCompile>
    <ClCompile Include="dbsqlupdate.cpp">
      <Filter>Source Files</Filter>
    </ClCompile>
    <ClCompile Include="dbsqlvalues.cpp">
      <Filter>Source Files</Filter>
    </ClCompile>
    <ClCompile Include="dbsqlwhere.cpp">
      <Filter>Source Files</Filter>
    </ClCompile>
    <ClCompile Include="idbconnection.cpp">
      <Filter>Source Files</Filter>
    </ClCompile>
    <ClCompile Include="idbdriver.cpp">
      <Filter>Source Files</Filter>
    </ClCompile>
    <ClCompile Include="idboptions.cpp">
      <Filter>Source Files</Filter>
    </ClCompile>
    <ClCompile Include="idbparameter.cpp">
      <Filter>Source Files</Filter>
    </ClCompile>
    <ClCompile Include="idbresult.cpp">
      <Filter>Source Files</Filter>
    </ClCompile>
    <ClCompile Include="idbstatement.cpp">
      <Filter>Source Files</Filter>
    </ClCompile>
    <ClCompile Include="stdafx.cpp">
      <Filter>Source Files</Filter>
    </ClCompile>
  </ItemGroup>
  <ItemGroup>
    <ClInclude Include="dbconfig.h">
      <Filter>Header Files</Filter>
    </ClInclude>
    <ClInclude Include="dbdb.h">
      <Filter>Header Files</Filter>
    </ClInclude>
    <ClInclude Include="dbsqlcollection.h">
      <Filter>Header Files</Filter>
    </ClInclude>
    <ClInclude Include="dbsqlcondition.h">
      <Filter>Header Files</Filter>
    </ClInclude>
    <ClInclude Include="dbsqldelete.h">
      <Filter>Header Files</Filter>
    </ClInclude>
    <ClInclude Include="dbsqlfield.h">
      <Filter>Header Files</Filter>
    </ClInclude>
    <ClInclude Include="dbsqlgroupby.h">
      <Filter>Header Files</Filter>
    </ClInclude>
    <ClInclude Include="dbsqlicommand.h">
      <Filter>Header Files</Filter>
    </ClInclude>
    <ClInclude Include="dbsqlinsert.h">
      <Filter>Header Files</Filter>
    </ClInclude>
    <ClInclude Include="dbsqllimit.h">
      <Filter>Header Files</Filter>
    </ClInclude>
    <ClInclude Include="dbsqlorderby.h">
      <Filter>Header Files</Filter>
    </ClInclude>
    <ClInclude Include="dbsqlselect.h">
      <Filter>Header Files</Filter>
    </ClInclude>
    <ClInclude Include="dbsqltable.h">
      <Filter>Header Files</Filter>
    </ClInclude>
    <ClInclude Include="dbsqlupdate.h">
      <Filter>Header Files</Filter>
    </ClInclude>
    <ClInclude Include="dbsqlvalues.h">
      <Filter>Header Files</Filter>
    </ClInclude>
    <ClInclude Include="dbsqlwhere.h">
      <Filter>Header Files</Filter>
    </ClInclude>
    <ClInclude Include="idbconnection.h">
      <Filter>Header Files</Filter>
    </ClInclude>
    <ClInclude Include="idbdriver.h">
      <Filter>Header Files</Filter>
    </ClInclude>
    <ClInclude Include="idboptions.h">
      <Filter>Header Files</Filter>
    </ClInclude>
    <ClInclude Include="idbparameter.h">
      <Filter>Header Files</Filter>
    </ClInclude>
    <ClInclude Include="idbresult.h">
      <Filter>Header Files</Filter>
    </ClInclude>
    <ClInclude Include="idbstatement.h">
      <Filter>Header Files</Filter>
    </ClInclude>
    <ClInclude Include="stdafx.h">
      <Filter>Header Files</Filter>
    </ClInclude>
  </ItemGroup>
</Project>